{
  "version": 4,
  "terraform_version": "1.2.2",
  "serial": 199,
  "lineage": "e22e6674-6f63-ebac-5011-188c134de9dc",
  "outputs": {},
  "resources": [
    {
      "mode": "managed",
      "type": "google_compute_address",
      "name": "c19c7c1pdpip-c19c7c1pdp6-ha",
      "provider": "provider[\"registry.terraform.io/hashicorp/google\"]",
      "instances": [
        {
          "schema_version": 0,
          "attributes": {
            "address": "10.165.17.253",
            "address_type": "INTERNAL",
            "creation_timestamp": "2022-06-07T05:15:03.426-07:00",
            "description": "",
            "id": "projects/c19c7-c1-dc-hst/regions/asia-south1/addresses/c19c7c1pdpip-c19c7c1pdp6-ha",
            "name": "c19c7c1pdpip-c19c7c1pdp6-ha",
            "network": "",
            "network_tier": "PREMIUM",
            "prefix_length": 0,
            "project": "c19c7-c1-dc-hst",
            "purpose": "GCE_ENDPOINT",
            "region": "asia-south1",
            "self_link": "https://www.googleapis.com/compute/v1/projects/c19c7-c1-dc-hst/regions/asia-south1/addresses/c19c7c1pdpip-c19c7c1pdp6-ha",
            "subnetwork": "https://www.googleapis.com/compute/v1/projects/c19c7-c1-dc-hst/regions/asia-south1/subnetworks/c19c7c1pdpha-sb-01",
            "timeouts": null,
            "users": [
              "https://www.googleapis.com/compute/v1/projects/c19c7-c1-dc-hst/zones/asia-south1-a/instances/c19c7c1pdp6"
            ]
          },
          "sensitive_attributes": [],
          "private": "eyJlMmJmYjczMC1lY2FhLTExZTYtOGY4OC0zNDM2M2JjN2M0YzAiOnsiY3JlYXRlIjoyNDAwMDAwMDAwMDAsImRlbGV0ZSI6MjQwMDAwMDAwMDAwfX0=",
          "dependencies": [
            "module.c19c7c1pdpvc-07-subnets.google_compute_subnetwork.subnetwork",
            "module.c19c7c1pdpvc-07.google_compute_network.network"
          ]
        }
      ]
    },
    {
      "mode": "managed",
      "type": "google_compute_address",
      "name": "c19c7c1pdpip-c19c7c1pdp6-ln",
      "provider": "provider[\"registry.terraform.io/hashicorp/google\"]",
      "instances": [
        {
          "schema_version": 0,
          "attributes": {
            "address": "10.165.18.253",
            "address_type": "INTERNAL",
            "creation_timestamp": "2022-06-07T05:15:02.539-07:00",
            "description": "",
            "id": "projects/c19c7-c1-dc-hst/regions/asia-south1/addresses/c19c7c1pdpip-c19c7c1pdp6-ln",
            "name": "c19c7c1pdpip-c19c7c1pdp6-ln",
            "network": "",
            "network_tier": "PREMIUM",
            "prefix_length": 0,
            "project": "c19c7-c1-dc-hst",
            "purpose": "GCE_ENDPOINT",
            "region": "asia-south1",
            "self_link": "https://www.googleapis.com/compute/v1/projects/c19c7-c1-dc-hst/regions/asia-south1/addresses/c19c7c1pdpip-c19c7c1pdp6-ln",
            "subnetwork": "https://www.googleapis.com/compute/v1/projects/c19c7-c1-dc-hst/regions/asia-south1/subnetworks/c19c7c1pdpis-sb-01",
            "timeouts": null,
            "users": [
              "https://www.googleapis.com/compute/v1/projects/c19c7-c1-dc-hst/zones/asia-south1-a/instances/c19c7c1pdp6"
            ]
          },
          "sensitive_attributes": [],
          "private": "eyJlMmJmYjczMC1lY2FhLTExZTYtOGY4OC0zNDM2M2JjN2M0YzAiOnsiY3JlYXRlIjoyNDAwMDAwMDAwMDAsImRlbGV0ZSI6MjQwMDAwMDAwMDAwfX0=",
          "dependencies": [
            "module.c19c7c1pdpvc-03-subnets.google_compute_subnetwork.subnetwork",
            "module.c19c7c1pdpvc-03.google_compute_network.network"
          ]
        }
      ]
    },
    {
      "mode": "managed",
      "type": "google_compute_address",
      "name": "c19c7c1pdpip-c19c7c1pdp6-mg",
      "provider": "provider[\"registry.terraform.io/hashicorp/google\"]",
      "instances": [
        {
          "schema_version": 0,
          "attributes": {
            "address": "10.165.16.253",
            "address_type": "INTERNAL",
            "creation_timestamp": "2022-06-07T05:15:03.548-07:00",
            "description": "",
            "id": "projects/c19c7-c1-dc-hst/regions/asia-south1/addresses/c19c7c1pdpip-c19c7c1pdp6-mg",
            "name": "c19c7c1pdpip-c19c7c1pdp6-mg",
            "network": "",
            "network_tier": "PREMIUM",
            "prefix_length": 0,
            "project": "c19c7-c1-dc-hst",
            "purpose": "GCE_ENDPOINT",
            "region": "asia-south1",
            "self_link": "https://www.googleapis.com/compute/v1/projects/c19c7-c1-dc-hst/regions/asia-south1/addresses/c19c7c1pdpip-c19c7c1pdp6-mg",
            "subnetwork": "https://www.googleapis.com/compute/v1/projects/c19c7-c1-dc-hst/regions/asia-south1/subnetworks/c19c7c1pdpmg-sb-01",
            "timeouts": null,
            "users": [
              "https://www.googleapis.com/compute/v1/projects/c19c7-c1-dc-hst/zones/asia-south1-a/instances/c19c7c1pdp6"
            ]
          },
          "sensitive_attributes": [],
          "private": "eyJlMmJmYjczMC1lY2FhLTExZTYtOGY4OC0zNDM2M2JjN2M0YzAiOnsiY3JlYXRlIjoyNDAwMDAwMDAwMDAsImRlbGV0ZSI6MjQwMDAwMDAwMDAwfX0=",
          "dependencies": [
            "module.c19c7c1pdpvc-06-subnets.google_compute_subnetwork.subnetwork",
            "module.c19c7c1pdpvc-06.google_compute_network.network"
          ]
        }
      ]
    },
    {
      "mode": "managed",
      "type": "google_compute_address",
      "name": "c19c7c1pdpip-c19c7c1pdp6-mg-ex",
      "provider": "provider[\"registry.terraform.io/hashicorp/google\"]",
      "instances": [
        {
          "schema_version": 0,
          "attributes": {
            "address": "35.244.52.203",
            "address_type": "EXTERNAL",
            "creation_timestamp": "2022-06-06T02:41:32.438-07:00",
            "description": "",
            "id": "projects/c19c7-c1-dc-hst/regions/asia-south1/addresses/c19c7c1pdpip-c19c7c1pdp6-mg-ex",
            "name": "c19c7c1pdpip-c19c7c1pdp6-mg-ex",
            "network": "",
            "network_tier": "PREMIUM",
            "prefix_length": 0,
            "project": "c19c7-c1-dc-hst",
            "purpose": "",
            "region": "asia-south1",
            "self_link": "https://www.googleapis.com/compute/v1/projects/c19c7-c1-dc-hst/regions/asia-south1/addresses/c19c7c1pdpip-c19c7c1pdp6-mg-ex",
            "subnetwork": "",
            "timeouts": null,
            "users": [
              "https://www.googleapis.com/compute/v1/projects/c19c7-c1-dc-hst/zones/asia-south1-a/instances/c19c7c1pdp6"
            ]
          },
          "sensitive_attributes": [],
          "private": "eyJlMmJmYjczMC1lY2FhLTExZTYtOGY4OC0zNDM2M2JjN2M0YzAiOnsiY3JlYXRlIjoyNDAwMDAwMDAwMDAsImRlbGV0ZSI6MjQwMDAwMDAwMDAwfX0="
        }
      ]
    },
    {
      "mode": "managed",
      "type": "google_compute_address",
      "name": "c19c7c1pdpip-c19c7c1pdp6-tr",
      "provider": "provider[\"registry.terraform.io/hashicorp/google\"]",
      "instances": [
        {
          "schema_version": 0,
          "attributes": {
            "address": "10.165.17.125",
            "address_type": "INTERNAL",
            "creation_timestamp": "2022-06-07T05:15:03.464-07:00",
            "description": "",
            "id": "projects/c19c7-c1-dc-hst/regions/asia-south1/addresses/c19c7c1pdpip-c19c7c1pdp6-tr",
            "name": "c19c7c1pdpip-c19c7c1pdp6-tr",
            "network": "",
            "network_tier": "PREMIUM",
            "prefix_length": 0,
            "project": "c19c7-c1-dc-hst",
            "purpose": "GCE_ENDPOINT",
            "region": "asia-south1",
            "self_link": "https://www.googleapis.com/compute/v1/projects/c19c7-c1-dc-hst/regions/asia-south1/addresses/c19c7c1pdpip-c19c7c1pdp6-tr",
            "subnetwork": "https://www.googleapis.com/compute/v1/projects/c19c7-c1-dc-hst/regions/asia-south1/subnetworks/c19c7c1pdpgw-sb-01",
            "timeouts": null,
            "users": [
              "https://www.googleapis.com/compute/v1/projects/c19c7-c1-dc-hst/zones/asia-south1-a/instances/c19c7c1pdp6"
            ]
          },
          "sensitive_attributes": [],
          "private": "eyJlMmJmYjczMC1lY2FhLTExZTYtOGY4OC0zNDM2M2JjN2M0YzAiOnsiY3JlYXRlIjoyNDAwMDAwMDAwMDAsImRlbGV0ZSI6MjQwMDAwMDAwMDAwfX0=",
          "dependencies": [
            "module.c19c7c1pdpvc-02-subnets.google_compute_subnetwork.subnetwork",
            "module.c19c7c1pdpvc-02.google_compute_network.network"
          ]
        }
      ]
    },
    {
      "mode": "managed",
      "type": "google_compute_address",
      "name": "c19c7c1pdpip-c19c7c1pdp6-wn",
      "provider": "provider[\"registry.terraform.io/hashicorp/google\"]",
      "instances": [
        {
          "schema_version": 0,
          "attributes": {
            "address": "10.165.16.125",
            "address_type": "INTERNAL",
            "creation_timestamp": "2022-06-07T05:15:02.632-07:00",
            "description": "",
            "id": "projects/c19c7-c1-dc-hst/regions/asia-south1/addresses/c19c7c1pdpip-c19c7c1pdp6-wn",
            "name": "c19c7c1pdpip-c19c7c1pdp6-wn",
            "network": "",
            "network_tier": "PREMIUM",
            "prefix_length": 0,
            "project": "c19c7-c1-dc-hst",
            "purpose": "GCE_ENDPOINT",
            "region": "asia-south1",
            "self_link": "https://www.googleapis.com/compute/v1/projects/c19c7-c1-dc-hst/regions/asia-south1/addresses/c19c7c1pdpip-c19c7c1pdp6-wn",
            "subnetwork": "https://www.googleapis.com/compute/v1/projects/c19c7-c1-dc-hst/regions/asia-south1/subnetworks/c19c7c1pdpfw-sb-01",
            "timeouts": null,
            "users": [
              "https://www.googleapis.com/compute/v1/projects/c19c7-c1-dc-hst/zones/asia-south1-a/instances/c19c7c1pdp6"
            ]
          },
          "sensitive_attributes": [],
          "private": "eyJlMmJmYjczMC1lY2FhLTExZTYtOGY4OC0zNDM2M2JjN2M0YzAiOnsiY3JlYXRlIjoyNDAwMDAwMDAwMDAsImRlbGV0ZSI6MjQwMDAwMDAwMDAwfX0=",
          "dependencies": [
            "module.c19c7c1pdpvc-01-subnets.google_compute_subnetwork.subnetwork",
            "module.c19c7c1pdpvc-01.google_compute_network.network"
          ]
        }
      ]
    },
    {
      "mode": "managed",
      "type": "google_compute_address",
      "name": "c19c7c1pdpip-c19c7c1pdp6-wn-ex",
      "provider": "provider[\"registry.terraform.io/hashicorp/google\"]",
      "instances": [
        {
          "schema_version": 0,
          "attributes": {
            "address": "34.93.43.207",
            "address_type": "EXTERNAL",
            "creation_timestamp": "2022-06-06T02:41:32.350-07:00",
            "description": "",
            "id": "projects/c19c7-c1-dc-hst/regions/asia-south1/addresses/c19c7c1pdpip-c19c7c1pdp6-wn-ex",
            "name": "c19c7c1pdpip-c19c7c1pdp6-wn-ex",
            "network": "",
            "network_tier": "PREMIUM",
            "prefix_length": 0,
            "project": "c19c7-c1-dc-hst",
            "purpose": "",
            "region": "asia-south1",
            "self_link": "https://www.googleapis.com/compute/v1/projects/c19c7-c1-dc-hst/regions/asia-south1/addresses/c19c7c1pdpip-c19c7c1pdp6-wn-ex",
            "subnetwork": "",
            "timeouts": null,
            "users": [
              "https://www.googleapis.com/compute/v1/projects/c19c7-c1-dc-hst/zones/asia-south1-a/instances/c19c7c1pdp6"
            ]
          },
          "sensitive_attributes": [],
          "private": "eyJlMmJmYjczMC1lY2FhLTExZTYtOGY4OC0zNDM2M2JjN2M0YzAiOnsiY3JlYXRlIjoyNDAwMDAwMDAwMDAsImRlbGV0ZSI6MjQwMDAwMDAwMDAwfX0="
        }
      ]
    },
    {
      "mode": "managed",
      "type": "google_compute_address",
      "name": "c19c7c1pdpip-c19c7c1pdp7-ha",
      "provider": "provider[\"registry.terraform.io/hashicorp/google\"]",
      "instances": [
        {
          "schema_version": 0,
          "attributes": {
            "address": "10.165.17.252",
            "address_type": "INTERNAL",
            "creation_timestamp": "2022-06-07T05:21:53.242-07:00",
            "description": "",
            "id": "projects/c19c7-c1-dc-hst/regions/asia-south1/addresses/c19c7c1pdpip-c19c7c1pdp7-ha",
            "name": "c19c7c1pdpip-c19c7c1pdp7-ha",
            "network": "",
            "network_tier": "PREMIUM",
            "prefix_length": 0,
            "project": "c19c7-c1-dc-hst",
            "purpose": "GCE_ENDPOINT",
            "region": "asia-south1",
            "self_link": "https://www.googleapis.com/compute/v1/projects/c19c7-c1-dc-hst/regions/asia-south1/addresses/c19c7c1pdpip-c19c7c1pdp7-ha",
            "subnetwork": "https://www.googleapis.com/compute/v1/projects/c19c7-c1-dc-hst/regions/asia-south1/subnetworks/c19c7c1pdpha-sb-01",
            "timeouts": null,
            "users": [
              "https://www.googleapis.com/compute/v1/projects/c19c7-c1-dc-hst/zones/asia-south1-b/instances/c19c7c1pdp7"
            ]
          },
          "sensitive_attributes": [],
          "private": "eyJlMmJmYjczMC1lY2FhLTExZTYtOGY4OC0zNDM2M2JjN2M0YzAiOnsiY3JlYXRlIjoyNDAwMDAwMDAwMDAsImRlbGV0ZSI6MjQwMDAwMDAwMDAwfX0=",
          "dependencies": [
            "module.c19c7c1pdpvc-07-subnets.google_compute_subnetwork.subnetwork",
            "module.c19c7c1pdpvc-07.google_compute_network.network"
          ]
        }
      ]
    },
    {
      "mode": "managed",
      "type": "google_compute_address",
      "name": "c19c7c1pdpip-c19c7c1pdp7-ln",
      "provider": "provider[\"registry.terraform.io/hashicorp/google\"]",
      "instances": [
        {
          "schema_version": 0,
          "attributes": {
            "address": "10.165.18.252",
            "address_type": "INTERNAL",
            "creation_timestamp": "2022-06-07T05:21:53.231-07:00",
            "description": "",
            "id": "projects/c19c7-c1-dc-hst/regions/asia-south1/addresses/c19c7c1pdpip-c19c7c1pdp7-ln",
            "name": "c19c7c1pdpip-c19c7c1pdp7-ln",
            "network": "",
            "network_tier": "PREMIUM",
            "prefix_length": 0,
            "project": "c19c7-c1-dc-hst",
            "purpose": "GCE_ENDPOINT",
            "region": "asia-south1",
            "self_link": "https://www.googleapis.com/compute/v1/projects/c19c7-c1-dc-hst/regions/asia-south1/addresses/c19c7c1pdpip-c19c7c1pdp7-ln",
            "subnetwork": "https://www.googleapis.com/compute/v1/projects/c19c7-c1-dc-hst/regions/asia-south1/subnetworks/c19c7c1pdpis-sb-01",
            "timeouts": null,
            "users": [
              "https://www.googleapis.com/compute/v1/projects/c19c7-c1-dc-hst/zones/asia-south1-b/instances/c19c7c1pdp7"
            ]
          },
          "sensitive_attributes": [],
          "private": "eyJlMmJmYjczMC1lY2FhLTExZTYtOGY4OC0zNDM2M2JjN2M0YzAiOnsiY3JlYXRlIjoyNDAwMDAwMDAwMDAsImRlbGV0ZSI6MjQwMDAwMDAwMDAwfX0=",
          "dependencies": [
            "module.c19c7c1pdpvc-03-subnets.google_compute_subnetwork.subnetwork",
            "module.c19c7c1pdpvc-03.google_compute_network.network"
          ]
        }
      ]
    },
    {
      "mode": "managed",
      "type": "google_compute_address",
      "name": "c19c7c1pdpip-c19c7c1pdp7-mg",
      "provider": "provider[\"registry.terraform.io/hashicorp/google\"]",
      "instances": [
        {
          "schema_version": 0,
          "attributes": {
            "address": "10.165.16.252",
            "address_type": "INTERNAL",
            "creation_timestamp": "2022-06-07T05:21:52.267-07:00",
            "description": "",
            "id": "projects/c19c7-c1-dc-hst/regions/asia-south1/addresses/c19c7c1pdpip-c19c7c1pdp7-mg",
            "name": "c19c7c1pdpip-c19c7c1pdp7-mg",
            "network": "",
            "network_tier": "PREMIUM",
            "prefix_length": 0,
            "project": "c19c7-c1-dc-hst",
            "purpose": "GCE_ENDPOINT",
            "region": "asia-south1",
            "self_link": "https://www.googleapis.com/compute/v1/projects/c19c7-c1-dc-hst/regions/asia-south1/addresses/c19c7c1pdpip-c19c7c1pdp7-mg",
            "subnetwork": "https://www.googleapis.com/compute/v1/projects/c19c7-c1-dc-hst/regions/asia-south1/subnetworks/c19c7c1pdpmg-sb-01",
            "timeouts": null,
            "users": [
              "https://www.googleapis.com/compute/v1/projects/c19c7-c1-dc-hst/zones/asia-south1-b/instances/c19c7c1pdp7"
            ]
          },
          "sensitive_attributes": [],
          "private": "eyJlMmJmYjczMC1lY2FhLTExZTYtOGY4OC0zNDM2M2JjN2M0YzAiOnsiY3JlYXRlIjoyNDAwMDAwMDAwMDAsImRlbGV0ZSI6MjQwMDAwMDAwMDAwfX0=",
          "dependencies": [
            "module.c19c7c1pdpvc-06-subnets.google_compute_subnetwork.subnetwork",
            "module.c19c7c1pdpvc-06.google_compute_network.network"
          ]
        }
      ]
    },
    {
      "mode": "managed",
      "type": "google_compute_address",
      "name": "c19c7c1pdpip-c19c7c1pdp7-mg-ex",
      "provider": "provider[\"registry.terraform.io/hashicorp/google\"]",
      "instances": [
        {
          "schema_version": 0,
          "attributes": {
            "address": "34.93.52.183",
            "address_type": "EXTERNAL",
            "creation_timestamp": "2022-06-06T04:12:41.243-07:00",
            "description": "",
            "id": "projects/c19c7-c1-dc-hst/regions/asia-south1/addresses/c19c7c1pdpip-c19c7c1pdp7-mg-ex",
            "name": "c19c7c1pdpip-c19c7c1pdp7-mg-ex",
            "network": "",
            "network_tier": "PREMIUM",
            "prefix_length": 0,
            "project": "c19c7-c1-dc-hst",
            "purpose": "",
            "region": "asia-south1",
            "self_link": "https://www.googleapis.com/compute/v1/projects/c19c7-c1-dc-hst/regions/asia-south1/addresses/c19c7c1pdpip-c19c7c1pdp7-mg-ex",
            "subnetwork": "",
            "timeouts": null,
            "users": [
              "https://www.googleapis.com/compute/v1/projects/c19c7-c1-dc-hst/zones/asia-south1-b/instances/c19c7c1pdp7"
            ]
          },
          "sensitive_attributes": [],
          "private": "eyJlMmJmYjczMC1lY2FhLTExZTYtOGY4OC0zNDM2M2JjN2M0YzAiOnsiY3JlYXRlIjoyNDAwMDAwMDAwMDAsImRlbGV0ZSI6MjQwMDAwMDAwMDAwfX0="
        }
      ]
    },
    {
      "mode": "managed",
      "type": "google_compute_address",
      "name": "c19c7c1pdpip-c19c7c1pdp7-tr",
      "provider": "provider[\"registry.terraform.io/hashicorp/google\"]",
      "instances": [
        {
          "schema_version": 0,
          "attributes": {
            "address": "10.165.17.124",
            "address_type": "INTERNAL",
            "creation_timestamp": "2022-06-07T05:21:53.237-07:00",
            "description": "",
            "id": "projects/c19c7-c1-dc-hst/regions/asia-south1/addresses/c19c7c1pdpip-c19c7c1pdp7-tr",
            "name": "c19c7c1pdpip-c19c7c1pdp7-tr",
            "network": "",
            "network_tier": "PREMIUM",
            "prefix_length": 0,
            "project": "c19c7-c1-dc-hst",
            "purpose": "GCE_ENDPOINT",
            "region": "asia-south1",
            "self_link": "https://www.googleapis.com/compute/v1/projects/c19c7-c1-dc-hst/regions/asia-south1/addresses/c19c7c1pdpip-c19c7c1pdp7-tr",
            "subnetwork": "https://www.googleapis.com/compute/v1/projects/c19c7-c1-dc-hst/regions/asia-south1/subnetworks/c19c7c1pdpgw-sb-01",
            "timeouts": null,
            "users": [
              "https://www.googleapis.com/compute/v1/projects/c19c7-c1-dc-hst/zones/asia-south1-b/instances/c19c7c1pdp7"
            ]
          },
          "sensitive_attributes": [],
          "private": "eyJlMmJmYjczMC1lY2FhLTExZTYtOGY4OC0zNDM2M2JjN2M0YzAiOnsiY3JlYXRlIjoyNDAwMDAwMDAwMDAsImRlbGV0ZSI6MjQwMDAwMDAwMDAwfX0=",
          "dependencies": [
            "module.c19c7c1pdpvc-02-subnets.google_compute_subnetwork.subnetwork",
            "module.c19c7c1pdpvc-02.google_compute_network.network"
          ]
        }
      ]
    },
    {
      "mode": "managed",
      "type": "google_compute_address",
      "name": "c19c7c1pdpip-c19c7c1pdp7-wn",
      "provider": "provider[\"registry.terraform.io/hashicorp/google\"]",
      "instances": [
        {
          "schema_version": 0,
          "attributes": {
            "address": "10.165.16.124",
            "address_type": "INTERNAL",
            "creation_timestamp": "2022-06-07T05:21:53.132-07:00",
            "description": "",
            "id": "projects/c19c7-c1-dc-hst/regions/asia-south1/addresses/c19c7c1pdpip-c19c7c1pdp7-wn",
            "name": "c19c7c1pdpip-c19c7c1pdp7-wn",
            "network": "",
            "network_tier": "PREMIUM",
            "prefix_length": 0,
            "project": "c19c7-c1-dc-hst",
            "purpose": "GCE_ENDPOINT",
            "region": "asia-south1",
            "self_link": "https://www.googleapis.com/compute/v1/projects/c19c7-c1-dc-hst/regions/asia-south1/addresses/c19c7c1pdpip-c19c7c1pdp7-wn",
            "subnetwork": "https://www.googleapis.com/compute/v1/projects/c19c7-c1-dc-hst/regions/asia-south1/subnetworks/c19c7c1pdpfw-sb-01",
            "timeouts": null,
            "users": [
              "https://www.googleapis.com/compute/v1/projects/c19c7-c1-dc-hst/zones/asia-south1-b/instances/c19c7c1pdp7"
            ]
          },
          "sensitive_attributes": [],
          "private": "eyJlMmJmYjczMC1lY2FhLTExZTYtOGY4OC0zNDM2M2JjN2M0YzAiOnsiY3JlYXRlIjoyNDAwMDAwMDAwMDAsImRlbGV0ZSI6MjQwMDAwMDAwMDAwfX0=",
          "dependencies": [
            "module.c19c7c1pdpvc-01-subnets.google_compute_subnetwork.subnetwork",
            "module.c19c7c1pdpvc-01.google_compute_network.network"
          ]
        }
      ]
    },
    {
      "mode": "managed",
      "type": "google_compute_disk",
      "name": "c19c7c1pdppd-c19c7c1pdp6-01",
      "provider": "provider[\"registry.terraform.io/hashicorp/google\"]",
      "instances": [
        {
          "schema_version": 0,
          "attributes": {
            "creation_timestamp": "2022-06-06T02:41:31.352-07:00",
            "description": "",
            "disk_encryption_key": [],
            "id": "projects/c19c7-c1-dc-hst/zones/asia-south1-a/disks/c19c7c1pdppd-c19c7c1pdp6-01",
            "image": "",
            "label_fingerprint": "42WmSpB8rSM=",
            "labels": {},
            "last_attach_timestamp": "2022-06-07T06:10:22.464-07:00",
            "last_detach_timestamp": "2022-06-07T06:10:15.267-07:00",
            "name": "c19c7c1pdppd-c19c7c1pdp6-01",
            "physical_block_size_bytes": 4096,
            "project": "c19c7-c1-dc-hst",
            "provisioned_iops": 0,
            "self_link": "https://www.googleapis.com/compute/v1/projects/c19c7-c1-dc-hst/zones/asia-south1-a/disks/c19c7c1pdppd-c19c7c1pdp6-01",
            "size": 30,
            "snapshot": "",
            "source_image_encryption_key": [],
            "source_image_id": "",
            "source_snapshot_encryption_key": [],
            "source_snapshot_id": "",
            "timeouts": null,
            "type": "pd-ssd",
            "users": [
              "https://www.googleapis.com/compute/v1/projects/c19c7-c1-dc-hst/zones/asia-south1-a/instances/c19c7c1pdp6"
            ],
            "zone": "asia-south1-a"
          },
          "sensitive_attributes": [],
          "private": "eyJlMmJmYjczMC1lY2FhLTExZTYtOGY4OC0zNDM2M2JjN2M0YzAiOnsiY3JlYXRlIjozMDAwMDAwMDAwMDAsImRlbGV0ZSI6MjQwMDAwMDAwMDAwLCJ1cGRhdGUiOjI0MDAwMDAwMDAwMH19"
        }
      ]
    },
    {
      "mode": "managed",
      "type": "google_compute_disk",
      "name": "c19c7c1pdppd-c19c7c1pdp7-01",
      "provider": "provider[\"registry.terraform.io/hashicorp/google\"]",
      "instances": [
        {
          "schema_version": 0,
          "attributes": {
            "creation_timestamp": "2022-06-06T04:01:31.921-07:00",
            "description": "",
            "disk_encryption_key": [],
            "id": "projects/c19c7-c1-dc-hst/zones/asia-south1-b/disks/c19c7c1pdppd-c19c7c1pdp7-01",
            "image": "",
            "label_fingerprint": "42WmSpB8rSM=",
            "labels": {},
            "last_attach_timestamp": "2022-06-07T06:10:22.267-07:00",
            "last_detach_timestamp": "2022-06-07T06:10:14.642-07:00",
            "name": "c19c7c1pdppd-c19c7c1pdp7-01",
            "physical_block_size_bytes": 4096,
            "project": "c19c7-c1-dc-hst",
            "provisioned_iops": 0,
            "self_link": "https://www.googleapis.com/compute/v1/projects/c19c7-c1-dc-hst/zones/asia-south1-b/disks/c19c7c1pdppd-c19c7c1pdp7-01",
            "size": 30,
            "snapshot": "",
            "source_image_encryption_key": [],
            "source_image_id": "",
            "source_snapshot_encryption_key": [],
            "source_snapshot_id": "",
            "timeouts": null,
            "type": "pd-ssd",
            "users": [
              "https://www.googleapis.com/compute/v1/projects/c19c7-c1-dc-hst/zones/asia-south1-b/instances/c19c7c1pdp7"
            ],
            "zone": "asia-south1-b"
          },
          "sensitive_attributes": [],
          "private": "eyJlMmJmYjczMC1lY2FhLTExZTYtOGY4OC0zNDM2M2JjN2M0YzAiOnsiY3JlYXRlIjozMDAwMDAwMDAwMDAsImRlbGV0ZSI6MjQwMDAwMDAwMDAwLCJ1cGRhdGUiOjI0MDAwMDAwMDAwMH19"
        }
      ]
    },
    {
      "mode": "managed",
      "type": "google_compute_firewall",
      "name": "c19c7c1pdpfr-al-01",
      "provider": "provider[\"registry.terraform.io/hashicorp/google\"]",
      "instances": [
        {
          "schema_version": 1,
          "attributes": {
            "allow": [
              {
                "ports": [],
                "protocol": "all"
              }
            ],
            "creation_timestamp": "2022-06-06T06:40:14.664-07:00",
            "deny": [],
            "description": "Allow All Ports",
            "destination_ranges": [],
            "direction": "INGRESS",
            "disabled": false,
            "enable_logging": null,
            "id": "projects/c19c7-c1-dc-hst/global/firewalls/c19c7c1pdpfr-al-01",
            "log_config": [],
            "name": "c19c7c1pdpfr-al-01",
            "network": "https://www.googleapis.com/compute/v1/projects/c19c7-c1-dc-hst/global/networks/c19c7c1pdpvc-02",
            "priority": 1000,
            "project": "c19c7-c1-dc-hst",
            "self_link": "https://www.googleapis.com/compute/v1/projects/c19c7-c1-dc-hst/global/firewalls/c19c7c1pdpfr-al-01",
            "source_ranges": [
              "0.0.0.0/0"
            ],
            "source_service_accounts": [],
            "source_tags": [
              "c19c7c1pdpfr-al-01"
            ],
            "target_service_accounts": [],
            "target_tags": [],
            "timeouts": null
          },
          "sensitive_attributes": [],
          "private": "eyJlMmJmYjczMC1lY2FhLTExZTYtOGY4OC0zNDM2M2JjN2M0YzAiOnsiY3JlYXRlIjoyNDAwMDAwMDAwMDAsImRlbGV0ZSI6MjQwMDAwMDAwMDAwLCJ1cGRhdGUiOjI0MDAwMDAwMDAwMH0sInNjaGVtYV92ZXJzaW9uIjoiMSJ9",
          "dependencies": [
            "module.c19c7c1pdpvc-02.google_compute_network.network"
          ]
        }
      ]
    },
    {
      "mode": "managed",
      "type": "google_compute_firewall",
      "name": "c19c7c1pdpfr-al-02",
      "provider": "provider[\"registry.terraform.io/hashicorp/google\"]",
      "instances": [
        {
          "schema_version": 1,
          "attributes": {
            "allow": [
              {
                "ports": [],
                "protocol": "all"
              }
            ],
            "creation_timestamp": "2022-06-06T06:40:14.600-07:00",
            "deny": [],
            "description": "Allow All Ports",
            "destination_ranges": [],
            "direction": "INGRESS",
            "disabled": false,
            "enable_logging": null,
            "id": "projects/c19c7-c1-dc-hst/global/firewalls/c19c7c1pdpfr-al-02",
            "log_config": [],
            "name": "c19c7c1pdpfr-al-02",
            "network": "https://www.googleapis.com/compute/v1/projects/c19c7-c1-dc-hst/global/networks/c19c7c1pdpvc-03",
            "priority": 1000,
            "project": "c19c7-c1-dc-hst",
            "self_link": "https://www.googleapis.com/compute/v1/projects/c19c7-c1-dc-hst/global/firewalls/c19c7c1pdpfr-al-02",
            "source_ranges": [
              "0.0.0.0/0"
            ],
            "source_service_accounts": [],
            "source_tags": [
              "c19c7c1pdpfr-al-02"
            ],
            "target_service_accounts": [],
            "target_tags": [],
            "timeouts": null
          },
          "sensitive_attributes": [],
          "private": "eyJlMmJmYjczMC1lY2FhLTExZTYtOGY4OC0zNDM2M2JjN2M0YzAiOnsiY3JlYXRlIjoyNDAwMDAwMDAwMDAsImRlbGV0ZSI6MjQwMDAwMDAwMDAwLCJ1cGRhdGUiOjI0MDAwMDAwMDAwMH0sInNjaGVtYV92ZXJzaW9uIjoiMSJ9",
          "dependencies": [
            "module.c19c7c1pdpvc-03.google_compute_network.network"
          ]
        }
      ]
    },
    {
      "mode": "managed",
      "type": "google_compute_firewall",
      "name": "c19c7c1pdpfr-al-03",
      "provider": "provider[\"registry.terraform.io/hashicorp/google\"]",
      "instances": [
        {
          "schema_version": 1,
          "attributes": {
            "allow": [
              {
                "ports": [],
                "protocol": "all"
              }
            ],
            "creation_timestamp": "2022-06-06T06:40:14.601-07:00",
            "deny": [],
            "description": "Allow All Ports",
            "destination_ranges": [],
            "direction": "INGRESS",
            "disabled": false,
            "enable_logging": null,
            "id": "projects/c19c7-c1-dc-hst/global/firewalls/c19c7c1pdpfr-al-03",
            "log_config": [],
            "name": "c19c7c1pdpfr-al-03",
            "network": "https://www.googleapis.com/compute/v1/projects/c19c7-c1-dc-hst/global/networks/c19c7c1pdpvc-04",
            "priority": 1000,
            "project": "c19c7-c1-dc-hst",
            "self_link": "https://www.googleapis.com/compute/v1/projects/c19c7-c1-dc-hst/global/firewalls/c19c7c1pdpfr-al-03",
            "source_ranges": [
              "0.0.0.0/0"
            ],
            "source_service_accounts": [],
            "source_tags": [
              "c19c7c1pdpfr-al-03"
            ],
            "target_service_accounts": [],
            "target_tags": [],
            "timeouts": null
          },
          "sensitive_attributes": [],
          "private": "eyJlMmJmYjczMC1lY2FhLTExZTYtOGY4OC0zNDM2M2JjN2M0YzAiOnsiY3JlYXRlIjoyNDAwMDAwMDAwMDAsImRlbGV0ZSI6MjQwMDAwMDAwMDAwLCJ1cGRhdGUiOjI0MDAwMDAwMDAwMH0sInNjaGVtYV92ZXJzaW9uIjoiMSJ9",
          "dependencies": [
            "module.c19c7c1pdpvc-04.google_compute_network.network"
          ]
        }
      ]
    },
    {
      "mode": "managed",
      "type": "google_compute_firewall",
      "name": "c19c7c1pdpfr-al-04",
      "provider": "provider[\"registry.terraform.io/hashicorp/google\"]",
      "instances": [
        {
          "schema_version": 1,
          "attributes": {
            "allow": [
              {
                "ports": [],
                "protocol": "all"
              }
            ],
            "creation_timestamp": "2022-06-06T06:40:14.555-07:00",
            "deny": [],
            "description": "Allow All Ports",
            "destination_ranges": [],
            "direction": "INGRESS",
            "disabled": false,
            "enable_logging": null,
            "id": "projects/c19c7-c1-dc-hst/global/firewalls/c19c7c1pdpfr-al-04",
            "log_config": [],
            "name": "c19c7c1pdpfr-al-04",
            "network": "https://www.googleapis.com/compute/v1/projects/c19c7-c1-dc-hst/global/networks/c19c7c1pdnvc-05",
            "priority": 1000,
            "project": "c19c7-c1-dc-hst",
            "self_link": "https://www.googleapis.com/compute/v1/projects/c19c7-c1-dc-hst/global/firewalls/c19c7c1pdpfr-al-04",
            "source_ranges": [
              "0.0.0.0/0"
            ],
            "source_service_accounts": [],
            "source_tags": [
              "c19c7c1pdpfr-al-04"
            ],
            "target_service_accounts": [],
            "target_tags": [],
            "timeouts": null
          },
          "sensitive_attributes": [],
          "private": "eyJlMmJmYjczMC1lY2FhLTExZTYtOGY4OC0zNDM2M2JjN2M0YzAiOnsiY3JlYXRlIjoyNDAwMDAwMDAwMDAsImRlbGV0ZSI6MjQwMDAwMDAwMDAwLCJ1cGRhdGUiOjI0MDAwMDAwMDAwMH0sInNjaGVtYV92ZXJzaW9uIjoiMSJ9",
          "dependencies": [
            "module.c19c7c1pdnvc-05.google_compute_network.network"
          ]
        }
      ]
    },
    {
      "mode": "managed",
      "type": "google_compute_firewall",
      "name": "c19c7c1pdpfr-al-05",
      "provider": "provider[\"registry.terraform.io/hashicorp/google\"]",
      "instances": [
        {
          "schema_version": 1,
          "attributes": {
            "allow": [
              {
                "ports": [],
                "protocol": "all"
              }
            ],
            "creation_timestamp": "2022-06-06T06:40:14.556-07:00",
            "deny": [],
            "description": "Allow All Ports",
            "destination_ranges": [],
            "direction": "INGRESS",
            "disabled": false,
            "enable_logging": null,
            "id": "projects/c19c7-c1-dc-hst/global/firewalls/c19c7c1pdpfr-al-05",
            "log_config": [],
            "name": "c19c7c1pdpfr-al-05",
            "network": "https://www.googleapis.com/compute/v1/projects/c19c7-c1-dc-hst/global/networks/c19c7c1pdpvc-07",
            "priority": 1000,
            "project": "c19c7-c1-dc-hst",
            "self_link": "https://www.googleapis.com/compute/v1/projects/c19c7-c1-dc-hst/global/firewalls/c19c7c1pdpfr-al-05",
            "source_ranges": [
              "0.0.0.0/0"
            ],
            "source_service_accounts": [],
            "source_tags": [
              "c19c7c1pdpfr-al-05"
            ],
            "target_service_accounts": [],
            "target_tags": [],
            "timeouts": null
          },
          "sensitive_attributes": [],
          "private": "eyJlMmJmYjczMC1lY2FhLTExZTYtOGY4OC0zNDM2M2JjN2M0YzAiOnsiY3JlYXRlIjoyNDAwMDAwMDAwMDAsImRlbGV0ZSI6MjQwMDAwMDAwMDAwLCJ1cGRhdGUiOjI0MDAwMDAwMDAwMH0sInNjaGVtYV92ZXJzaW9uIjoiMSJ9",
          "dependencies": [
            "module.c19c7c1pdpvc-07.google_compute_network.network"
          ]
        }
      ]
    },
    {
      "mode": "managed",
      "type": "google_compute_firewall",
      "name": "c19c7c1pdpfr-bl-01",
      "provider": "provider[\"registry.terraform.io/hashicorp/google\"]",
      "instances": [
        {
          "schema_version": 1,
          "attributes": {
            "allow": [],
            "creation_timestamp": "2022-06-06T06:27:25.967-07:00",
            "deny": [
              {
                "ports": [],
                "protocol": "all"
              }
            ],
            "description": "Block All Ports",
            "destination_ranges": [
              "0.0.0.0/0"
            ],
            "direction": "EGRESS",
            "disabled": false,
            "enable_logging": null,
            "id": "projects/c19c7-c1-dc-hst/global/firewalls/c19c7c1pdpfr-bl-01",
            "log_config": [],
            "name": "c19c7c1pdpfr-bl-01",
            "network": "https://www.googleapis.com/compute/v1/projects/c19c7-c1-dc-hst/global/networks/c19c7c1pdpvc-01",
            "priority": 1000,
            "project": "c19c7-c1-dc-hst",
            "self_link": "https://www.googleapis.com/compute/v1/projects/c19c7-c1-dc-hst/global/firewalls/c19c7c1pdpfr-bl-01",
            "source_ranges": [],
            "source_service_accounts": [],
            "source_tags": [],
            "target_service_accounts": [],
            "target_tags": [],
            "timeouts": null
          },
          "sensitive_attributes": [],
          "private": "eyJlMmJmYjczMC1lY2FhLTExZTYtOGY4OC0zNDM2M2JjN2M0YzAiOnsiY3JlYXRlIjoyNDAwMDAwMDAwMDAsImRlbGV0ZSI6MjQwMDAwMDAwMDAwLCJ1cGRhdGUiOjI0MDAwMDAwMDAwMH0sInNjaGVtYV92ZXJzaW9uIjoiMSJ9",
          "dependencies": [
            "module.c19c7c1pdpvc-01.google_compute_network.network"
          ]
        }
      ]
    },
    {
      "mode": "managed",
      "type": "google_compute_firewall",
      "name": "c19c7c1pdpfr-bl-02",
      "provider": "provider[\"registry.terraform.io/hashicorp/google\"]",
      "instances": [
        {
          "schema_version": 1,
          "attributes": {
            "allow": [],
            "creation_timestamp": "2022-06-06T06:40:14.678-07:00",
            "deny": [
              {
                "ports": [],
                "protocol": "all"
              }
            ],
            "description": "Block All Ports",
            "destination_ranges": [
              "0.0.0.0/0"
            ],
            "direction": "EGRESS",
            "disabled": false,
            "enable_logging": null,
            "id": "projects/c19c7-c1-dc-hst/global/firewalls/c19c7c1pdpfr-bl-02",
            "log_config": [],
            "name": "c19c7c1pdpfr-bl-02",
            "network": "https://www.googleapis.com/compute/v1/projects/c19c7-c1-dc-hst/global/networks/c19c7c1pdpvc-06",
            "priority": 1000,
            "project": "c19c7-c1-dc-hst",
            "self_link": "https://www.googleapis.com/compute/v1/projects/c19c7-c1-dc-hst/global/firewalls/c19c7c1pdpfr-bl-02",
            "source_ranges": [],
            "source_service_accounts": [],
            "source_tags": [],
            "target_service_accounts": [],
            "target_tags": [],
            "timeouts": null
          },
          "sensitive_attributes": [],
          "private": "eyJlMmJmYjczMC1lY2FhLTExZTYtOGY4OC0zNDM2M2JjN2M0YzAiOnsiY3JlYXRlIjoyNDAwMDAwMDAwMDAsImRlbGV0ZSI6MjQwMDAwMDAwMDAwLCJ1cGRhdGUiOjI0MDAwMDAwMDAwMH0sInNjaGVtYV92ZXJzaW9uIjoiMSJ9",
          "dependencies": [
            "module.c19c7c1pdpvc-06.google_compute_network.network"
          ]
        }
      ]
    },
    {
      "mode": "managed",
      "type": "google_compute_firewall",
      "name": "c19c7c1pdpfr-fg-01",
      "provider": "provider[\"registry.terraform.io/hashicorp/google\"]",
      "instances": [
        {
          "schema_version": 1,
          "attributes": {
            "allow": [
              {
                "ports": [
                  "22",
                  "3000",
                  "443",
                  "54",
                  "80",
                  "8080"
                ],
                "protocol": "tcp"
              }
            ],
            "creation_timestamp": "2022-06-06T06:40:14.621-07:00",
            "deny": [],
            "description": "Allow fortigate tcp ports",
            "destination_ranges": [],
            "direction": "INGRESS",
            "disabled": false,
            "enable_logging": null,
            "id": "projects/c19c7-c1-dc-hst/global/firewalls/c19c7c1pdpfr-fg-01",
            "log_config": [],
            "name": "c19c7c1pdpfr-fg-01",
            "network": "https://www.googleapis.com/compute/v1/projects/c19c7-c1-dc-hst/global/networks/c19c7c1pdpvc-01",
            "priority": 1000,
            "project": "c19c7-c1-dc-hst",
            "self_link": "https://www.googleapis.com/compute/v1/projects/c19c7-c1-dc-hst/global/firewalls/c19c7c1pdpfr-fg-01",
            "source_ranges": [
              "0.0.0.0/0"
            ],
            "source_service_accounts": [],
            "source_tags": [],
            "target_service_accounts": [],
            "target_tags": [
              "c19c7c1pdpfr-fg-01"
            ],
            "timeouts": null
          },
          "sensitive_attributes": [],
          "private": "eyJlMmJmYjczMC1lY2FhLTExZTYtOGY4OC0zNDM2M2JjN2M0YzAiOnsiY3JlYXRlIjoyNDAwMDAwMDAwMDAsImRlbGV0ZSI6MjQwMDAwMDAwMDAwLCJ1cGRhdGUiOjI0MDAwMDAwMDAwMH0sInNjaGVtYV92ZXJzaW9uIjoiMSJ9",
          "dependencies": [
            "module.c19c7c1pdpvc-01.google_compute_network.network"
          ]
        }
      ]
    },
    {
      "mode": "managed",
      "type": "google_compute_firewall",
      "name": "c19c7c1pdpfr-fg-02",
      "provider": "provider[\"registry.terraform.io/hashicorp/google\"]",
      "instances": [
        {
          "schema_version": 1,
          "attributes": {
            "allow": [
              {
                "ports": [
                  "22",
                  "3000",
                  "443",
                  "54",
                  "80",
                  "8080"
                ],
                "protocol": "tcp"
              }
            ],
            "creation_timestamp": "2022-06-06T06:40:14.674-07:00",
            "deny": [],
            "description": "Allow fortigate tcp ports",
            "destination_ranges": [],
            "direction": "INGRESS",
            "disabled": false,
            "enable_logging": null,
            "id": "projects/c19c7-c1-dc-hst/global/firewalls/c19c7c1pdpfr-fg-02",
            "log_config": [],
            "name": "c19c7c1pdpfr-fg-02",
            "network": "https://www.googleapis.com/compute/v1/projects/c19c7-c1-dc-hst/global/networks/c19c7c1pdpvc-06",
            "priority": 1000,
            "project": "c19c7-c1-dc-hst",
            "self_link": "https://www.googleapis.com/compute/v1/projects/c19c7-c1-dc-hst/global/firewalls/c19c7c1pdpfr-fg-02",
            "source_ranges": [
              "0.0.0.0/0"
            ],
            "source_service_accounts": [],
            "source_tags": [],
            "target_service_accounts": [],
            "target_tags": [
              "c19c7c1pdpfr-fg-02"
            ],
            "timeouts": null
          },
          "sensitive_attributes": [],
          "private": "eyJlMmJmYjczMC1lY2FhLTExZTYtOGY4OC0zNDM2M2JjN2M0YzAiOnsiY3JlYXRlIjoyNDAwMDAwMDAwMDAsImRlbGV0ZSI6MjQwMDAwMDAwMDAwLCJ1cGRhdGUiOjI0MDAwMDAwMDAwMH0sInNjaGVtYV92ZXJzaW9uIjoiMSJ9",
          "dependencies": [
            "module.c19c7c1pdpvc-06.google_compute_network.network"
          ]
        }
      ]
    },
    {
      "mode": "managed",
      "type": "google_compute_firewall",
      "name": "c19c7c1pdpfr-rd-01",
      "provider": "provider[\"registry.terraform.io/hashicorp/google\"]",
      "instances": [
        {
          "schema_version": 1,
          "attributes": {
            "allow": [
              {
                "ports": [
                  "3389"
                ],
                "protocol": "tcp"
              }
            ],
            "creation_timestamp": "2022-06-09T02:47:34.960-07:00",
            "deny": [],
            "description": "Allow RDP Access on Jumpbox",
            "destination_ranges": [],
            "direction": "INGRESS",
            "disabled": false,
            "enable_logging": null,
            "id": "projects/c19c7-c1-dc-hst/global/firewalls/c19c7c1pdpfr-rd-01",
            "log_config": [],
            "name": "c19c7c1pdpfr-rd-01",
            "network": "https://www.googleapis.com/compute/v1/projects/c19c7-c1-dc-hst/global/networks/c19c7c1pdpvc-03",
            "priority": 1000,
            "project": "c19c7-c1-dc-hst",
            "self_link": "https://www.googleapis.com/compute/v1/projects/c19c7-c1-dc-hst/global/firewalls/c19c7c1pdpfr-rd-01",
            "source_ranges": [
              "0.0.0.0/0"
            ],
            "source_service_accounts": [],
            "source_tags": [],
            "target_service_accounts": [],
            "target_tags": [
              "c19c7c1pdpfr-rd-01"
            ],
            "timeouts": null
          },
          "sensitive_attributes": [],
          "private": "eyJlMmJmYjczMC1lY2FhLTExZTYtOGY4OC0zNDM2M2JjN2M0YzAiOnsiY3JlYXRlIjoyNDAwMDAwMDAwMDAsImRlbGV0ZSI6MjQwMDAwMDAwMDAwLCJ1cGRhdGUiOjI0MDAwMDAwMDAwMH0sInNjaGVtYV92ZXJzaW9uIjoiMSJ9",
          "dependencies": [
            "module.c19c7c1pdpvc-03.google_compute_network.network"
          ]
        }
      ]
    },
    {
      "mode": "managed",
      "type": "google_compute_instance",
      "name": "c19c7c1pdp6",
      "provider": "provider[\"registry.terraform.io/hashicorp/google\"]",
      "instances": [
        {
          "schema_version": 6,
          "attributes": {
            "advanced_machine_features": [],
            "allow_stopping_for_update": true,
            "attached_disk": [
              {
                "device_name": "persistent-disk-1",
                "disk_encryption_key_raw": "",
                "disk_encryption_key_sha256": "",
                "kms_key_self_link": "",
                "mode": "READ_WRITE",
                "source": "https://www.googleapis.com/compute/v1/projects/c19c7-c1-dc-hst/zones/asia-south1-a/disks/c19c7c1pdppd-c19c7c1pdp6-01"
              }
            ],
            "boot_disk": [
              {
                "auto_delete": false,
                "device_name": "persistent-disk-0",
                "disk_encryption_key_raw": "",
                "disk_encryption_key_sha256": "",
                "initialize_params": [
                  {
                    "image": "https://www.googleapis.com/compute/v1/projects/fortigcp-project-001/global/images/fortinet-fgt-705-20220211-001-w-license",
                    "labels": {},
                    "size": 10,
                    "type": "pd-ssd"
                  }
                ],
                "kms_key_self_link": "",
                "mode": "READ_WRITE",
                "source": "https://www.googleapis.com/compute/v1/projects/c19c7-c1-dc-hst/zones/asia-south1-a/disks/c19c7c1pdp6"
              }
            ],
            "can_ip_forward": true,
            "confidential_instance_config": [],
            "cpu_platform": "Intel Cascade Lake",
            "current_status": "RUNNING",
            "deletion_protection": true,
            "description": "Fortigate Server in HA",
            "desired_status": null,
            "enable_display": false,
            "guest_accelerator": [],
            "hostname": "",
            "id": "projects/c19c7-c1-dc-hst/zones/asia-south1-a/instances/c19c7c1pdp6",
            "instance_id": "3232250213824655570",
            "label_fingerprint": "7C-85KMPr-w=",
            "labels": {
              "backup": "yes",
              "costcenter": "c19c7",
              "environment": "prd",
              "optimization": "no",
              "vmrole": "fw"
            },
            "machine_type": "n2-standard-8",
            "metadata": {},
            "metadata_fingerprint": "SuK1vWXPAhw=",
            "metadata_startup_script": "",
            "min_cpu_platform": "",
            "name": "c19c7c1pdp6",
            "network_interface": [
              {
                "access_config": [
                  {
                    "nat_ip": "34.93.43.207",
                    "network_tier": "PREMIUM",
                    "public_ptr_domain_name": ""
                  }
                ],
                "alias_ip_range": [],
                "ipv6_access_config": [],
                "ipv6_access_type": "",
                "name": "nic0",
                "network": "https://www.googleapis.com/compute/v1/projects/c19c7-c1-dc-hst/global/networks/c19c7c1pdpvc-01",
                "network_ip": "10.165.16.125",
                "nic_type": "",
                "stack_type": "IPV4_ONLY",
                "subnetwork": "https://www.googleapis.com/compute/v1/projects/c19c7-c1-dc-hst/regions/asia-south1/subnetworks/c19c7c1pdpfw-sb-01",
                "subnetwork_project": "c19c7-c1-dc-hst"
              },
              {
                "access_config": [],
                "alias_ip_range": [],
                "ipv6_access_config": [],
                "ipv6_access_type": "",
                "name": "nic1",
                "network": "https://www.googleapis.com/compute/v1/projects/c19c7-c1-dc-hst/global/networks/c19c7c1pdpvc-02",
                "network_ip": "10.165.17.125",
                "nic_type": "",
                "stack_type": "IPV4_ONLY",
                "subnetwork": "https://www.googleapis.com/compute/v1/projects/c19c7-c1-dc-hst/regions/asia-south1/subnetworks/c19c7c1pdpgw-sb-01",
                "subnetwork_project": "c19c7-c1-dc-hst"
              },
              {
                "access_config": [],
                "alias_ip_range": [],
                "ipv6_access_config": [],
                "ipv6_access_type": "",
                "name": "nic2",
                "network": "https://www.googleapis.com/compute/v1/projects/c19c7-c1-dc-hst/global/networks/c19c7c1pdpvc-03",
                "network_ip": "10.165.18.253",
                "nic_type": "",
                "stack_type": "IPV4_ONLY",
                "subnetwork": "https://www.googleapis.com/compute/v1/projects/c19c7-c1-dc-hst/regions/asia-south1/subnetworks/c19c7c1pdpis-sb-01",
                "subnetwork_project": "c19c7-c1-dc-hst"
              },
              {
                "access_config": [
                  {
                    "nat_ip": "35.244.52.203",
                    "network_tier": "PREMIUM",
                    "public_ptr_domain_name": ""
                  }
                ],
                "alias_ip_range": [],
                "ipv6_access_config": [],
                "ipv6_access_type": "",
                "name": "nic3",
                "network": "https://www.googleapis.com/compute/v1/projects/c19c7-c1-dc-hst/global/networks/c19c7c1pdpvc-06",
                "network_ip": "10.165.16.253",
                "nic_type": "",
                "stack_type": "IPV4_ONLY",
                "subnetwork": "https://www.googleapis.com/compute/v1/projects/c19c7-c1-dc-hst/regions/asia-south1/subnetworks/c19c7c1pdpmg-sb-01",
                "subnetwork_project": "c19c7-c1-dc-hst"
              },
              {
                "access_config": [],
                "alias_ip_range": [],
                "ipv6_access_config": [],
                "ipv6_access_type": "",
                "name": "nic4",
                "network": "https://www.googleapis.com/compute/v1/projects/c19c7-c1-dc-hst/global/networks/c19c7c1pdpvc-07",
                "network_ip": "10.165.17.253",
                "nic_type": "",
                "stack_type": "IPV4_ONLY",
                "subnetwork": "https://www.googleapis.com/compute/v1/projects/c19c7-c1-dc-hst/regions/asia-south1/subnetworks/c19c7c1pdpha-sb-01",
                "subnetwork_project": "c19c7-c1-dc-hst"
              }
            ],
            "project": "c19c7-c1-dc-hst",
            "reservation_affinity": [],
            "resource_policies": [],
            "scheduling": [
              {
                "automatic_restart": false,
                "min_node_cpus": 0,
                "node_affinities": [],
                "on_host_maintenance": "MIGRATE",
                "preemptible": false
              }
            ],
            "scratch_disk": [],
            "self_link": "https://www.googleapis.com/compute/v1/projects/c19c7-c1-dc-hst/zones/asia-south1-a/instances/c19c7c1pdp6",
            "service_account": [
              {
                "email": "c19c7c1pdpci-sa-01@c19c7-c1-dc-hst.iam.gserviceaccount.com",
                "scopes": [
                  "https://www.googleapis.com/auth/cloud-platform",
                  "https://www.googleapis.com/auth/compute.readonly",
                  "https://www.googleapis.com/auth/userinfo.email"
                ]
              }
            ],
            "shielded_instance_config": [],
            "tags": [
              "c19c7c1pdpfr-al-01",
              "c19c7c1pdpfr-al-02",
              "c19c7c1pdpfr-al-03",
              "c19c7c1pdpfr-al-04",
              "c19c7c1pdpfr-al-05",
              "c19c7c1pdpfr-fg-01",
              "c19c7c1pdpfr-fg-02"
            ],
            "tags_fingerprint": "unrsyvGEZLw=",
            "timeouts": null,
            "zone": "asia-south1-a"
          },
          "sensitive_attributes": [],
          "private": "eyJlMmJmYjczMC1lY2FhLTExZTYtOGY4OC0zNDM2M2JjN2M0YzAiOnsiY3JlYXRlIjoxMjAwMDAwMDAwMDAwLCJkZWxldGUiOjEyMDAwMDAwMDAwMDAsInVwZGF0ZSI6MTIwMDAwMDAwMDAwMH0sInNjaGVtYV92ZXJzaW9uIjoiNiJ9",
          "dependencies": [
            "google_compute_address.c19c7c1pdpip-c19c7c1pdp6-ha",
            "google_compute_address.c19c7c1pdpip-c19c7c1pdp6-ln",
            "google_compute_address.c19c7c1pdpip-c19c7c1pdp6-mg",
            "google_compute_address.c19c7c1pdpip-c19c7c1pdp6-mg-ex",
            "google_compute_address.c19c7c1pdpip-c19c7c1pdp6-tr",
            "google_compute_address.c19c7c1pdpip-c19c7c1pdp6-wn",
            "google_compute_address.c19c7c1pdpip-c19c7c1pdp6-wn-ex",
            "google_compute_disk.c19c7c1pdppd-c19c7c1pdp6-01",
            "module.c19c7c1pdpci-sa-01.google_service_account.service_accounts",
            "module.c19c7c1pdpvc-01-subnets.google_compute_subnetwork.subnetwork",
            "module.c19c7c1pdpvc-01.google_compute_network.network",
            "module.c19c7c1pdpvc-02-subnets.google_compute_subnetwork.subnetwork",
            "module.c19c7c1pdpvc-02.google_compute_network.network",
            "module.c19c7c1pdpvc-03-subnets.google_compute_subnetwork.subnetwork",
            "module.c19c7c1pdpvc-03.google_compute_network.network",
            "module.c19c7c1pdpvc-06-subnets.google_compute_subnetwork.subnetwork",
            "module.c19c7c1pdpvc-06.google_compute_network.network",
            "module.c19c7c1pdpvc-07-subnets.google_compute_subnetwork.subnetwork",
            "module.c19c7c1pdpvc-07.google_compute_network.network"
          ]
        }
      ]
    },
    {
      "mode": "managed",
      "type": "google_compute_instance",
      "name": "c19c7c1pdp7",
      "provider": "provider[\"registry.terraform.io/hashicorp/google\"]",
      "instances": [
        {
          "schema_version": 6,
          "attributes": {
            "advanced_machine_features": [],
            "allow_stopping_for_update": true,
            "attached_disk": [
              {
                "device_name": "persistent-disk-1",
                "disk_encryption_key_raw": "",
                "disk_encryption_key_sha256": "",
                "kms_key_self_link": "",
                "mode": "READ_WRITE",
                "source": "https://www.googleapis.com/compute/v1/projects/c19c7-c1-dc-hst/zones/asia-south1-b/disks/c19c7c1pdppd-c19c7c1pdp7-01"
              }
            ],
            "boot_disk": [
              {
                "auto_delete": false,
                "device_name": "persistent-disk-0",
                "disk_encryption_key_raw": "",
                "disk_encryption_key_sha256": "",
                "initialize_params": [
                  {
                    "image": "https://www.googleapis.com/compute/v1/projects/fortigcp-project-001/global/images/fortinet-fgt-705-20220211-001-w-license",
                    "labels": {},
                    "size": 10,
                    "type": "pd-ssd"
                  }
                ],
                "kms_key_self_link": "",
                "mode": "READ_WRITE",
                "source": "https://www.googleapis.com/compute/v1/projects/c19c7-c1-dc-hst/zones/asia-south1-b/disks/c19c7c1pdp7"
              }
            ],
            "can_ip_forward": true,
            "confidential_instance_config": [],
            "cpu_platform": "Intel Cascade Lake",
            "current_status": "RUNNING",
            "deletion_protection": true,
            "description": "Fortigate Server in HA",
            "desired_status": null,
            "enable_display": false,
            "guest_accelerator": [],
            "hostname": "",
            "id": "projects/c19c7-c1-dc-hst/zones/asia-south1-b/instances/c19c7c1pdp7",
            "instance_id": "1761222549145055442",
            "label_fingerprint": "7C-85KMPr-w=",
            "labels": {
              "backup": "yes",
              "costcenter": "c19c7",
              "environment": "prd",
              "optimization": "no",
              "vmrole": "fw"
            },
            "machine_type": "n2-standard-8",
            "metadata": {},
            "metadata_fingerprint": "SuK1vWXPAhw=",
            "metadata_startup_script": "",
            "min_cpu_platform": "",
            "name": "c19c7c1pdp7",
            "network_interface": [
              {
                "access_config": [],
                "alias_ip_range": [],
                "ipv6_access_config": [],
                "ipv6_access_type": "",
                "name": "nic0",
                "network": "https://www.googleapis.com/compute/v1/projects/c19c7-c1-dc-hst/global/networks/c19c7c1pdpvc-01",
                "network_ip": "10.165.16.124",
                "nic_type": "",
                "stack_type": "IPV4_ONLY",
                "subnetwork": "https://www.googleapis.com/compute/v1/projects/c19c7-c1-dc-hst/regions/asia-south1/subnetworks/c19c7c1pdpfw-sb-01",
                "subnetwork_project": "c19c7-c1-dc-hst"
              },
              {
                "access_config": [],
                "alias_ip_range": [],
                "ipv6_access_config": [],
                "ipv6_access_type": "",
                "name": "nic1",
                "network": "https://www.googleapis.com/compute/v1/projects/c19c7-c1-dc-hst/global/networks/c19c7c1pdpvc-02",
                "network_ip": "10.165.17.124",
                "nic_type": "",
                "stack_type": "IPV4_ONLY",
                "subnetwork": "https://www.googleapis.com/compute/v1/projects/c19c7-c1-dc-hst/regions/asia-south1/subnetworks/c19c7c1pdpgw-sb-01",
                "subnetwork_project": "c19c7-c1-dc-hst"
              },
              {
                "access_config": [],
                "alias_ip_range": [],
                "ipv6_access_config": [],
                "ipv6_access_type": "",
                "name": "nic2",
                "network": "https://www.googleapis.com/compute/v1/projects/c19c7-c1-dc-hst/global/networks/c19c7c1pdpvc-03",
                "network_ip": "10.165.18.252",
                "nic_type": "",
                "stack_type": "IPV4_ONLY",
                "subnetwork": "https://www.googleapis.com/compute/v1/projects/c19c7-c1-dc-hst/regions/asia-south1/subnetworks/c19c7c1pdpis-sb-01",
                "subnetwork_project": "c19c7-c1-dc-hst"
              },
              {
                "access_config": [
                  {
                    "nat_ip": "34.93.52.183",
                    "network_tier": "PREMIUM",
                    "public_ptr_domain_name": ""
                  }
                ],
                "alias_ip_range": [],
                "ipv6_access_config": [],
                "ipv6_access_type": "",
                "name": "nic3",
                "network": "https://www.googleapis.com/compute/v1/projects/c19c7-c1-dc-hst/global/networks/c19c7c1pdpvc-06",
                "network_ip": "10.165.16.252",
                "nic_type": "",
                "stack_type": "IPV4_ONLY",
                "subnetwork": "https://www.googleapis.com/compute/v1/projects/c19c7-c1-dc-hst/regions/asia-south1/subnetworks/c19c7c1pdpmg-sb-01",
                "subnetwork_project": "c19c7-c1-dc-hst"
              },
              {
                "access_config": [],
                "alias_ip_range": [],
                "ipv6_access_config": [],
                "ipv6_access_type": "",
                "name": "nic4",
                "network": "https://www.googleapis.com/compute/v1/projects/c19c7-c1-dc-hst/global/networks/c19c7c1pdpvc-07",
                "network_ip": "10.165.17.252",
                "nic_type": "",
                "stack_type": "IPV4_ONLY",
                "subnetwork": "https://www.googleapis.com/compute/v1/projects/c19c7-c1-dc-hst/regions/asia-south1/subnetworks/c19c7c1pdpha-sb-01",
                "subnetwork_project": "c19c7-c1-dc-hst"
              }
            ],
            "project": "c19c7-c1-dc-hst",
            "reservation_affinity": [],
            "resource_policies": [],
            "scheduling": [
              {
                "automatic_restart": false,
                "min_node_cpus": 0,
                "node_affinities": [],
                "on_host_maintenance": "MIGRATE",
                "preemptible": false
              }
            ],
            "scratch_disk": [],
            "self_link": "https://www.googleapis.com/compute/v1/projects/c19c7-c1-dc-hst/zones/asia-south1-b/instances/c19c7c1pdp7",
            "service_account": [
              {
                "email": "c19c7c1pdpci-sa-01@c19c7-c1-dc-hst.iam.gserviceaccount.com",
                "scopes": [
                  "https://www.googleapis.com/auth/cloud-platform",
                  "https://www.googleapis.com/auth/compute.readonly",
                  "https://www.googleapis.com/auth/userinfo.email"
                ]
              }
            ],
            "shielded_instance_config": [],
            "tags": [
              "c19c7c1pdpfr-al-01",
              "c19c7c1pdpfr-al-02",
              "c19c7c1pdpfr-al-03",
              "c19c7c1pdpfr-al-04",
              "c19c7c1pdpfr-al-05",
              "c19c7c1pdpfr-fg-01",
              "c19c7c1pdpfr-fg-02"
            ],
            "tags_fingerprint": "unrsyvGEZLw=",
            "timeouts": null,
            "zone": "asia-south1-b"
          },
          "sensitive_attributes": [],
          "private": "eyJlMmJmYjczMC1lY2FhLTExZTYtOGY4OC0zNDM2M2JjN2M0YzAiOnsiY3JlYXRlIjoxMjAwMDAwMDAwMDAwLCJkZWxldGUiOjEyMDAwMDAwMDAwMDAsInVwZGF0ZSI6MTIwMDAwMDAwMDAwMH0sInNjaGVtYV92ZXJzaW9uIjoiNiJ9",
          "dependencies": [
            "google_compute_address.c19c7c1pdpip-c19c7c1pdp7-ha",
            "google_compute_address.c19c7c1pdpip-c19c7c1pdp7-ln",
            "google_compute_address.c19c7c1pdpip-c19c7c1pdp7-mg",
            "google_compute_address.c19c7c1pdpip-c19c7c1pdp7-mg-ex",
            "google_compute_address.c19c7c1pdpip-c19c7c1pdp7-tr",
            "google_compute_address.c19c7c1pdpip-c19c7c1pdp7-wn",
            "google_compute_disk.c19c7c1pdppd-c19c7c1pdp7-01",
            "module.c19c7c1pdpci-sa-01.google_service_account.service_accounts",
            "module.c19c7c1pdpvc-01-subnets.google_compute_subnetwork.subnetwork",
            "module.c19c7c1pdpvc-01.google_compute_network.network",
            "module.c19c7c1pdpvc-02-subnets.google_compute_subnetwork.subnetwork",
            "module.c19c7c1pdpvc-02.google_compute_network.network",
            "module.c19c7c1pdpvc-03-subnets.google_compute_subnetwork.subnetwork",
            "module.c19c7c1pdpvc-03.google_compute_network.network",
            "module.c19c7c1pdpvc-06-subnets.google_compute_subnetwork.subnetwork",
            "module.c19c7c1pdpvc-06.google_compute_network.network",
            "module.c19c7c1pdpvc-07-subnets.google_compute_subnetwork.subnetwork",
            "module.c19c7c1pdpvc-07.google_compute_network.network"
          ]
        }
      ]
    },
    {
      "mode": "managed",
      "type": "google_compute_interconnect_attachment",
      "name": "c19c7c1pdpvl-01",
      "provider": "provider[\"registry.terraform.io/hashicorp/google\"]",
      "instances": [
        {
          "schema_version": 0,
          "attributes": {
            "admin_enabled": true,
            "bandwidth": "BPS_100M",
            "candidate_subnets": null,
            "cloud_router_ip_address": "169.254.246.185/29",
            "creation_timestamp": "2022-06-03T02:54:09.472-07:00",
            "customer_router_ip_address": "169.254.246.186/29",
            "description": "PD TATA VLAN 01",
            "edge_availability_domain": "AVAILABILITY_DOMAIN_1",
            "encryption": "NONE",
            "google_reference_id": "",
            "id": "projects/c19c7-c1-dc-hst/regions/asia-south1/interconnectAttachments/c19c7c1pdpvl-01",
            "interconnect": "",
            "ipsec_internal_addresses": [],
            "mtu": "1500",
            "name": "c19c7c1pdpvl-01",
            "pairing_key": "67362eab-5c87-4276-b95d-17021aafde03/asia-south1/1",
            "partner_asn": "4755",
            "private_interconnect_info": [],
            "project": "c19c7-c1-dc-hst",
            "region": "https://www.googleapis.com/compute/v1/projects/c19c7-c1-dc-hst/regions/asia-south1",
            "router": "https://www.googleapis.com/compute/v1/projects/c19c7-c1-dc-hst/regions/asia-south1/routers/c19c7c1pdpcr-01",
            "self_link": "https://www.googleapis.com/compute/v1/projects/c19c7-c1-dc-hst/regions/asia-south1/interconnectAttachments/c19c7c1pdpvl-01",
            "state": "ACTIVE",
            "timeouts": null,
            "type": "PARTNER",
            "vlan_tag8021q": 1133
          },
          "sensitive_attributes": [],
          "private": "eyJlMmJmYjczMC1lY2FhLTExZTYtOGY4OC0zNDM2M2JjN2M0YzAiOnsiY3JlYXRlIjo2MDAwMDAwMDAwMDAsImRlbGV0ZSI6NjAwMDAwMDAwMDAwLCJ1cGRhdGUiOjI0MDAwMDAwMDAwMH19",
          "dependencies": [
            "module.c19c7c1pdpcr-01.google_compute_router.router",
            "module.c19c7c1pdpvc-02-subnets.google_compute_subnetwork.subnetwork",
            "module.c19c7c1pdpvc-02.google_compute_network.network",
            "module.c19c7c1pdpvc-02.google_compute_shared_vpc_host_project.shared_vpc_host"
          ]
        }
      ]
    },
    {
      "mode": "managed",
      "type": "google_compute_interconnect_attachment",
      "name": "c19c7c1pdpvl-02",
      "provider": "provider[\"registry.terraform.io/hashicorp/google\"]",
      "instances": [
        {
          "schema_version": 0,
          "attributes": {
            "admin_enabled": true,
            "bandwidth": "BPS_100M",
            "candidate_subnets": null,
            "cloud_router_ip_address": "169.254.207.137/29",
            "creation_timestamp": "2022-06-03T02:54:06.697-07:00",
            "customer_router_ip_address": "169.254.207.138/29",
            "description": "PD TATA VLAN 02",
            "edge_availability_domain": "AVAILABILITY_DOMAIN_2",
            "encryption": "NONE",
            "google_reference_id": "",
            "id": "projects/c19c7-c1-dc-hst/regions/asia-south1/interconnectAttachments/c19c7c1pdpvl-02",
            "interconnect": "",
            "ipsec_internal_addresses": [],
            "mtu": "1500",
            "name": "c19c7c1pdpvl-02",
            "pairing_key": "670bd61f-24c1-46c2-ab15-f0f53e9c1e5f/asia-south1/2",
            "partner_asn": "4755",
            "private_interconnect_info": [],
            "project": "c19c7-c1-dc-hst",
            "region": "https://www.googleapis.com/compute/v1/projects/c19c7-c1-dc-hst/regions/asia-south1",
            "router": "https://www.googleapis.com/compute/v1/projects/c19c7-c1-dc-hst/regions/asia-south1/routers/c19c7c1pdpcr-02",
            "self_link": "https://www.googleapis.com/compute/v1/projects/c19c7-c1-dc-hst/regions/asia-south1/interconnectAttachments/c19c7c1pdpvl-02",
            "state": "ACTIVE",
            "timeouts": null,
            "type": "PARTNER",
            "vlan_tag8021q": 1131
          },
          "sensitive_attributes": [],
          "private": "eyJlMmJmYjczMC1lY2FhLTExZTYtOGY4OC0zNDM2M2JjN2M0YzAiOnsiY3JlYXRlIjo2MDAwMDAwMDAwMDAsImRlbGV0ZSI6NjAwMDAwMDAwMDAwLCJ1cGRhdGUiOjI0MDAwMDAwMDAwMH19",
          "dependencies": [
            "module.c19c7c1pdpcr-02.google_compute_router.router",
            "module.c19c7c1pdpvc-02-subnets.google_compute_subnetwork.subnetwork",
            "module.c19c7c1pdpvc-02.google_compute_network.network",
            "module.c19c7c1pdpvc-02.google_compute_shared_vpc_host_project.shared_vpc_host"
          ]
        }
      ]
    },
    {
      "mode": "managed",
      "type": "google_compute_interconnect_attachment",
      "name": "c19c7c1pdpvl-03",
      "provider": "provider[\"registry.terraform.io/hashicorp/google\"]",
      "instances": [
        {
          "schema_version": 0,
          "attributes": {
            "admin_enabled": true,
            "bandwidth": "",
            "candidate_subnets": null,
            "cloud_router_ip_address": "",
            "creation_timestamp": "2022-06-03T02:54:06.624-07:00",
            "customer_router_ip_address": "",
            "description": "PD AIRTEL VLAN 03",
            "edge_availability_domain": "AVAILABILITY_DOMAIN_1",
            "encryption": "NONE",
            "google_reference_id": "",
            "id": "projects/c19c7-c1-dc-hst/regions/asia-south1/interconnectAttachments/c19c7c1pdpvl-03",
            "interconnect": "",
            "ipsec_internal_addresses": [],
            "mtu": "1500",
            "name": "c19c7c1pdpvl-03",
            "pairing_key": "593bf847-65c7-465b-a55d-149185886b87/asia-south1/1",
            "partner_asn": "",
            "private_interconnect_info": [],
            "project": "c19c7-c1-dc-hst",
            "region": "https://www.googleapis.com/compute/v1/projects/c19c7-c1-dc-hst/regions/asia-south1",
            "router": "https://www.googleapis.com/compute/v1/projects/c19c7-c1-dc-hst/regions/asia-south1/routers/c19c7c1pdpcr-03",
            "self_link": "https://www.googleapis.com/compute/v1/projects/c19c7-c1-dc-hst/regions/asia-south1/interconnectAttachments/c19c7c1pdpvl-03",
            "state": "PENDING_PARTNER",
            "timeouts": null,
            "type": "PARTNER",
            "vlan_tag8021q": 0
          },
          "sensitive_attributes": [],
          "private": "eyJlMmJmYjczMC1lY2FhLTExZTYtOGY4OC0zNDM2M2JjN2M0YzAiOnsiY3JlYXRlIjo2MDAwMDAwMDAwMDAsImRlbGV0ZSI6NjAwMDAwMDAwMDAwLCJ1cGRhdGUiOjI0MDAwMDAwMDAwMH19",
          "dependencies": [
            "module.c19c7c1pdpcr-03.google_compute_router.router",
            "module.c19c7c1pdpvc-02-subnets.google_compute_subnetwork.subnetwork",
            "module.c19c7c1pdpvc-02.google_compute_network.network",
            "module.c19c7c1pdpvc-02.google_compute_shared_vpc_host_project.shared_vpc_host"
          ]
        }
      ]
    },
    {
      "mode": "managed",
      "type": "google_compute_interconnect_attachment",
      "name": "c19c7c1pdpvl-04",
      "provider": "provider[\"registry.terraform.io/hashicorp/google\"]",
      "instances": [
        {
          "schema_version": 0,
          "attributes": {
            "admin_enabled": true,
            "bandwidth": "",
            "candidate_subnets": null,
            "cloud_router_ip_address": "",
            "creation_timestamp": "2022-06-03T02:54:08.158-07:00",
            "customer_router_ip_address": "",
            "description": "PD AIRTEL VLAN 04",
            "edge_availability_domain": "AVAILABILITY_DOMAIN_2",
            "encryption": "NONE",
            "google_reference_id": "",
            "id": "projects/c19c7-c1-dc-hst/regions/asia-south1/interconnectAttachments/c19c7c1pdpvl-04",
            "interconnect": "",
            "ipsec_internal_addresses": [],
            "mtu": "1500",
            "name": "c19c7c1pdpvl-04",
            "pairing_key": "31991072-bb33-4737-98dd-063ea6e73b2d/asia-south1/2",
            "partner_asn": "",
            "private_interconnect_info": [],
            "project": "c19c7-c1-dc-hst",
            "region": "https://www.googleapis.com/compute/v1/projects/c19c7-c1-dc-hst/regions/asia-south1",
            "router": "https://www.googleapis.com/compute/v1/projects/c19c7-c1-dc-hst/regions/asia-south1/routers/c19c7c1pdpcr-04",
            "self_link": "https://www.googleapis.com/compute/v1/projects/c19c7-c1-dc-hst/regions/asia-south1/interconnectAttachments/c19c7c1pdpvl-04",
            "state": "PENDING_PARTNER",
            "timeouts": null,
            "type": "PARTNER",
            "vlan_tag8021q": 0
          },
          "sensitive_attributes": [],
          "private": "eyJlMmJmYjczMC1lY2FhLTExZTYtOGY4OC0zNDM2M2JjN2M0YzAiOnsiY3JlYXRlIjo2MDAwMDAwMDAwMDAsImRlbGV0ZSI6NjAwMDAwMDAwMDAwLCJ1cGRhdGUiOjI0MDAwMDAwMDAwMH19",
          "dependencies": [
            "module.c19c7c1pdpcr-04.google_compute_router.router",
            "module.c19c7c1pdpvc-02-subnets.google_compute_subnetwork.subnetwork",
            "module.c19c7c1pdpvc-02.google_compute_network.network",
            "module.c19c7c1pdpvc-02.google_compute_shared_vpc_host_project.shared_vpc_host"
          ]
        }
      ]
    },
    {
      "module": "module.c19c7-dc-inf-sap-nprd-peering",
      "mode": "managed",
      "type": "google_compute_network_peering",
      "name": "local_network_peering",
      "provider": "provider[\"registry.terraform.io/hashicorp/google-beta\"]",
      "instances": [
        {
          "schema_version": 0,
          "attributes": {
            "export_custom_routes": true,
            "export_subnet_routes_with_public_ip": true,
            "id": "c19c7c1pdpvc-03/c19c7c1pdpvc-03-c19c7c1pdnvc-05-vp",
            "import_custom_routes": false,
            "import_subnet_routes_with_public_ip": false,
            "name": "c19c7c1pdpvc-03-c19c7c1pdnvc-05-vp",
            "network": "https://www.googleapis.com/compute/v1/projects/c19c7-c1-dc-hst/global/networks/c19c7c1pdpvc-03",
            "peer_network": "https://www.googleapis.com/compute/beta/projects/c19c7-c1-dc-hst/global/networks/c19c7c1pdnvc-05",
            "state": "ACTIVE",
            "state_details": "[2022-06-03T01:00:07.907-07:00]: Connected.",
            "timeouts": null
          },
          "sensitive_attributes": [],
          "private": "eyJlMmJmYjczMC1lY2FhLTExZTYtOGY4OC0zNDM2M2JjN2M0YzAiOnsiY3JlYXRlIjoyNDAwMDAwMDAwMDAsImRlbGV0ZSI6MjQwMDAwMDAwMDAwLCJ1cGRhdGUiOjI0MDAwMDAwMDAwMH19",
          "dependencies": [
            "module.c19c7-dc-inf-sap-nprd-peering.null_resource.module_depends_on",
            "module.c19c7-dc-inf-sap-nprd-peering.random_string.network_peering_suffix",
            "module.c19c7c1pdnvc-05-subnets.google_compute_subnetwork.subnetwork",
            "module.c19c7c1pdnvc-05.google_compute_network.network",
            "module.c19c7c1pdpvc-03-subnets.google_compute_subnetwork.subnetwork",
            "module.c19c7c1pdpvc-03.google_compute_network.network"
          ]
        }
      ]
    },
    {
      "module": "module.c19c7-dc-inf-sap-nprd-peering",
      "mode": "managed",
      "type": "google_compute_network_peering",
      "name": "peer_network_peering",
      "provider": "provider[\"registry.terraform.io/hashicorp/google-beta\"]",
      "instances": [
        {
          "schema_version": 0,
          "attributes": {
            "export_custom_routes": false,
            "export_subnet_routes_with_public_ip": false,
            "id": "c19c7c1pdnvc-05/c19c7c1pdnvc-05-c19c7c1pdpvc-03-vp",
            "import_custom_routes": true,
            "import_subnet_routes_with_public_ip": true,
            "name": "c19c7c1pdnvc-05-c19c7c1pdpvc-03-vp",
            "network": "https://www.googleapis.com/compute/v1/projects/c19c7-c1-dc-hst/global/networks/c19c7c1pdnvc-05",
            "peer_network": "https://www.googleapis.com/compute/beta/projects/c19c7-c1-dc-hst/global/networks/c19c7c1pdpvc-03",
            "state": "ACTIVE",
            "state_details": "[2022-06-03T01:00:07.907-07:00]: Connected.",
            "timeouts": null
          },
          "sensitive_attributes": [],
          "private": "eyJlMmJmYjczMC1lY2FhLTExZTYtOGY4OC0zNDM2M2JjN2M0YzAiOnsiY3JlYXRlIjoyNDAwMDAwMDAwMDAsImRlbGV0ZSI6MjQwMDAwMDAwMDAwLCJ1cGRhdGUiOjI0MDAwMDAwMDAwMH19",
          "dependencies": [
            "module.c19c7-dc-inf-sap-nprd-peering.google_compute_network_peering.local_network_peering",
            "module.c19c7-dc-inf-sap-nprd-peering.null_resource.module_depends_on",
            "module.c19c7-dc-inf-sap-nprd-peering.random_string.network_peering_suffix",
            "module.c19c7c1pdnvc-05-subnets.google_compute_subnetwork.subnetwork",
            "module.c19c7c1pdnvc-05.google_compute_network.network",
            "module.c19c7c1pdpvc-03-subnets.google_compute_subnetwork.subnetwork",
            "module.c19c7c1pdpvc-03.google_compute_network.network"
          ]
        }
      ]
    },
    {
      "module": "module.c19c7-dc-inf-sap-nprd-peering",
      "mode": "managed",
      "type": "null_resource",
      "name": "complete",
      "provider": "provider[\"registry.terraform.io/hashicorp/null\"]",
      "instances": [
        {
          "schema_version": 0,
          "attributes": {
            "id": "4040037319292155397",
            "triggers": null
          },
          "sensitive_attributes": [],
          "private": "bnVsbA==",
          "dependencies": [
            "module.c19c7-dc-inf-sap-nprd-peering.google_compute_network_peering.local_network_peering",
            "module.c19c7-dc-inf-sap-nprd-peering.google_compute_network_peering.peer_network_peering",
            "module.c19c7-dc-inf-sap-nprd-peering.null_resource.module_depends_on",
            "module.c19c7-dc-inf-sap-nprd-peering.random_string.network_peering_suffix",
            "module.c19c7c1pdnvc-05-subnets.google_compute_subnetwork.subnetwork",
            "module.c19c7c1pdnvc-05.google_compute_network.network",
            "module.c19c7c1pdpvc-03-subnets.google_compute_subnetwork.subnetwork",
            "module.c19c7c1pdpvc-03.google_compute_network.network"
          ]
        }
      ]
    },
    {
      "module": "module.c19c7-dc-inf-sap-nprd-peering",
      "mode": "managed",
      "type": "null_resource",
      "name": "module_depends_on",
      "provider": "provider[\"registry.terraform.io/hashicorp/null\"]",
      "instances": [
        {
          "schema_version": 0,
          "attributes": {
            "id": "9143035111609941158",
            "triggers": {
              "value": "0"
            }
          },
          "sensitive_attributes": [],
          "private": "bnVsbA==",
          "dependencies": [
            "module.c19c7c1pdnvc-05-subnets.google_compute_subnetwork.subnetwork",
            "module.c19c7c1pdnvc-05.google_compute_network.network",
            "module.c19c7c1pdpvc-03-subnets.google_compute_subnetwork.subnetwork",
            "module.c19c7c1pdpvc-03.google_compute_network.network"
          ]
        }
      ]
    },
    {
      "module": "module.c19c7-dc-inf-sap-nprd-peering",
      "mode": "managed",
      "type": "random_string",
      "name": "network_peering_suffix",
      "provider": "provider[\"registry.terraform.io/hashicorp/random\"]",
      "instances": [
        {
          "schema_version": 1,
          "attributes": {
            "id": "4ba7",
            "keepers": null,
            "length": 4,
            "lower": true,
            "min_lower": 0,
            "min_numeric": 0,
            "min_special": 0,
            "min_upper": 0,
            "number": true,
            "override_special": null,
            "result": "4ba7",
            "special": false,
            "upper": false
          },
          "sensitive_attributes": [],
          "private": "eyJzY2hlbWFfdmVyc2lvbiI6IjEifQ==",
          "dependencies": [
            "module.c19c7c1pdnvc-05-subnets.google_compute_subnetwork.subnetwork",
            "module.c19c7c1pdnvc-05.google_compute_network.network",
            "module.c19c7c1pdpvc-03-subnets.google_compute_subnetwork.subnetwork",
            "module.c19c7c1pdpvc-03.google_compute_network.network"
          ]
        }
      ]
    },
    {
      "module": "module.c19c7-dc-inf-sap-prd-peering",
      "mode": "managed",
      "type": "google_compute_network_peering",
      "name": "local_network_peering",
      "provider": "provider[\"registry.terraform.io/hashicorp/google-beta\"]",
      "instances": [
        {
          "schema_version": 0,
          "attributes": {
            "export_custom_routes": true,
            "export_subnet_routes_with_public_ip": true,
            "id": "c19c7c1pdpvc-03/c19c7c1pdpvc-03-c19c7c1pdpvc-04-vp",
            "import_custom_routes": false,
            "import_subnet_routes_with_public_ip": false,
            "name": "c19c7c1pdpvc-03-c19c7c1pdpvc-04-vp",
            "network": "https://www.googleapis.com/compute/v1/projects/c19c7-c1-dc-hst/global/networks/c19c7c1pdpvc-03",
            "peer_network": "https://www.googleapis.com/compute/beta/projects/c19c7-c1-dc-hst/global/networks/c19c7c1pdpvc-04",
            "state": "ACTIVE",
            "state_details": "[2022-06-03T01:00:29.800-07:00]: Connected.",
            "timeouts": null
          },
          "sensitive_attributes": [],
          "private": "eyJlMmJmYjczMC1lY2FhLTExZTYtOGY4OC0zNDM2M2JjN2M0YzAiOnsiY3JlYXRlIjoyNDAwMDAwMDAwMDAsImRlbGV0ZSI6MjQwMDAwMDAwMDAwLCJ1cGRhdGUiOjI0MDAwMDAwMDAwMH19",
          "dependencies": [
            "module.c19c7-dc-inf-sap-prd-peering.null_resource.module_depends_on",
            "module.c19c7-dc-inf-sap-prd-peering.random_string.network_peering_suffix",
            "module.c19c7c1pdpvc-03-subnets.google_compute_subnetwork.subnetwork",
            "module.c19c7c1pdpvc-03.google_compute_network.network",
            "module.c19c7c1pdpvc-04-subnets.google_compute_subnetwork.subnetwork",
            "module.c19c7c1pdpvc-04.google_compute_network.network"
          ]
        }
      ]
    },
    {
      "module": "module.c19c7-dc-inf-sap-prd-peering",
      "mode": "managed",
      "type": "google_compute_network_peering",
      "name": "peer_network_peering",
      "provider": "provider[\"registry.terraform.io/hashicorp/google-beta\"]",
      "instances": [
        {
          "schema_version": 0,
          "attributes": {
            "export_custom_routes": false,
            "export_subnet_routes_with_public_ip": false,
            "id": "c19c7c1pdpvc-04/c19c7c1pdpvc-04-c19c7c1pdpvc-03-vp",
            "import_custom_routes": true,
            "import_subnet_routes_with_public_ip": true,
            "name": "c19c7c1pdpvc-04-c19c7c1pdpvc-03-vp",
            "network": "https://www.googleapis.com/compute/v1/projects/c19c7-c1-dc-hst/global/networks/c19c7c1pdpvc-04",
            "peer_network": "https://www.googleapis.com/compute/beta/projects/c19c7-c1-dc-hst/global/networks/c19c7c1pdpvc-03",
            "state": "ACTIVE",
            "state_details": "[2022-06-03T01:00:29.800-07:00]: Connected.",
            "timeouts": null
          },
          "sensitive_attributes": [],
          "private": "eyJlMmJmYjczMC1lY2FhLTExZTYtOGY4OC0zNDM2M2JjN2M0YzAiOnsiY3JlYXRlIjoyNDAwMDAwMDAwMDAsImRlbGV0ZSI6MjQwMDAwMDAwMDAwLCJ1cGRhdGUiOjI0MDAwMDAwMDAwMH19",
          "dependencies": [
            "module.c19c7-dc-inf-sap-prd-peering.google_compute_network_peering.local_network_peering",
            "module.c19c7-dc-inf-sap-prd-peering.null_resource.module_depends_on",
            "module.c19c7-dc-inf-sap-prd-peering.random_string.network_peering_suffix",
            "module.c19c7c1pdpvc-03-subnets.google_compute_subnetwork.subnetwork",
            "module.c19c7c1pdpvc-03.google_compute_network.network",
            "module.c19c7c1pdpvc-04-subnets.google_compute_subnetwork.subnetwork",
            "module.c19c7c1pdpvc-04.google_compute_network.network"
          ]
        }
      ]
    },
    {
      "module": "module.c19c7-dc-inf-sap-prd-peering",
      "mode": "managed",
      "type": "null_resource",
      "name": "complete",
      "provider": "provider[\"registry.terraform.io/hashicorp/null\"]",
      "instances": [
        {
          "schema_version": 0,
          "attributes": {
            "id": "3802359231922530908",
            "triggers": null
          },
          "sensitive_attributes": [],
          "private": "bnVsbA==",
          "dependencies": [
            "module.c19c7-dc-inf-sap-prd-peering.google_compute_network_peering.local_network_peering",
            "module.c19c7-dc-inf-sap-prd-peering.google_compute_network_peering.peer_network_peering",
            "module.c19c7-dc-inf-sap-prd-peering.null_resource.module_depends_on",
            "module.c19c7-dc-inf-sap-prd-peering.random_string.network_peering_suffix",
            "module.c19c7c1pdpvc-03-subnets.google_compute_subnetwork.subnetwork",
            "module.c19c7c1pdpvc-03.google_compute_network.network",
            "module.c19c7c1pdpvc-04-subnets.google_compute_subnetwork.subnetwork",
            "module.c19c7c1pdpvc-04.google_compute_network.network"
          ]
        }
      ]
    },
    {
      "module": "module.c19c7-dc-inf-sap-prd-peering",
      "mode": "managed",
      "type": "null_resource",
      "name": "module_depends_on",
      "provider": "provider[\"registry.terraform.io/hashicorp/null\"]",
      "instances": [
        {
          "schema_version": 0,
          "attributes": {
            "id": "6015657963768508442",
            "triggers": {
              "value": "0"
            }
          },
          "sensitive_attributes": [],
          "private": "bnVsbA==",
          "dependencies": [
            "module.c19c7c1pdpvc-03-subnets.google_compute_subnetwork.subnetwork",
            "module.c19c7c1pdpvc-03.google_compute_network.network",
            "module.c19c7c1pdpvc-04-subnets.google_compute_subnetwork.subnetwork",
            "module.c19c7c1pdpvc-04.google_compute_network.network"
          ]
        }
      ]
    },
    {
      "module": "module.c19c7-dc-inf-sap-prd-peering",
      "mode": "managed",
      "type": "random_string",
      "name": "network_peering_suffix",
      "provider": "provider[\"registry.terraform.io/hashicorp/random\"]",
      "instances": [
        {
          "schema_version": 1,
          "attributes": {
            "id": "9mjb",
            "keepers": null,
            "length": 4,
            "lower": true,
            "min_lower": 0,
            "min_numeric": 0,
            "min_special": 0,
            "min_upper": 0,
            "number": true,
            "override_special": null,
            "result": "9mjb",
            "special": false,
            "upper": false
          },
          "sensitive_attributes": [],
          "private": "eyJzY2hlbWFfdmVyc2lvbiI6IjEifQ==",
          "dependencies": [
            "module.c19c7c1pdpvc-03-subnets.google_compute_subnetwork.subnetwork",
            "module.c19c7c1pdpvc-03.google_compute_network.network",
            "module.c19c7c1pdpvc-04-subnets.google_compute_subnetwork.subnetwork",
            "module.c19c7c1pdpvc-04.google_compute_network.network"
          ]
        }
      ]
    },
    {
      "module": "module.c19c7c1pdnvc-05",
      "mode": "managed",
      "type": "google_compute_network",
      "name": "network",
      "provider": "provider[\"registry.terraform.io/hashicorp/google\"]",
      "instances": [
        {
          "schema_version": 0,
          "attributes": {
            "auto_create_subnetworks": false,
            "delete_default_routes_on_create": true,
            "description": "SAP Non-Prod VPC (Spoke)",
            "gateway_ipv4": "",
            "id": "projects/c19c7-c1-dc-hst/global/networks/c19c7c1pdnvc-05",
            "mtu": 0,
            "name": "c19c7c1pdnvc-05",
            "project": "c19c7-c1-dc-hst",
            "routing_mode": "GLOBAL",
            "self_link": "https://www.googleapis.com/compute/v1/projects/c19c7-c1-dc-hst/global/networks/c19c7c1pdnvc-05",
            "timeouts": null
          },
          "sensitive_attributes": [],
          "private": "eyJlMmJmYjczMC1lY2FhLTExZTYtOGY4OC0zNDM2M2JjN2M0YzAiOnsiY3JlYXRlIjoyNDAwMDAwMDAwMDAsImRlbGV0ZSI6MjQwMDAwMDAwMDAwLCJ1cGRhdGUiOjI0MDAwMDAwMDAwMH19"
        }
      ]
    },
    {
      "module": "module.c19c7c1pdnvc-05-subnets",
      "mode": "managed",
      "type": "google_compute_subnetwork",
      "name": "subnetwork",
      "provider": "provider[\"registry.terraform.io/hashicorp/google\"]",
      "instances": [
        {
          "index_key": "asia-south1/c19c7c1pdnap-sb-01",
          "schema_version": 0,
          "attributes": {
            "creation_timestamp": "2022-06-01T05:33:45.066-07:00",
            "description": "App Subnet (Non-Prod)",
            "external_ipv6_prefix": "",
            "fingerprint": null,
            "gateway_address": "10.165.20.1",
            "id": "projects/c19c7-c1-dc-hst/regions/asia-south1/subnetworks/c19c7c1pdnap-sb-01",
            "ip_cidr_range": "10.165.20.0/25",
            "ipv6_access_type": "",
            "ipv6_cidr_range": "",
            "log_config": [
              {
                "aggregation_interval": "INTERVAL_5_SEC",
                "filter_expr": "true",
                "flow_sampling": 0.5,
                "metadata": "INCLUDE_ALL_METADATA",
                "metadata_fields": []
              }
            ],
            "name": "c19c7c1pdnap-sb-01",
            "network": "https://www.googleapis.com/compute/v1/projects/c19c7-c1-dc-hst/global/networks/c19c7c1pdnvc-05",
            "private_ip_google_access": true,
            "private_ipv6_google_access": "DISABLE_GOOGLE_ACCESS",
            "project": "c19c7-c1-dc-hst",
            "purpose": "PRIVATE",
            "region": "asia-south1",
            "role": "",
            "secondary_ip_range": [],
            "self_link": "https://www.googleapis.com/compute/v1/projects/c19c7-c1-dc-hst/regions/asia-south1/subnetworks/c19c7c1pdnap-sb-01",
            "stack_type": "IPV4_ONLY",
            "timeouts": null
          },
          "sensitive_attributes": [],
          "private": "eyJlMmJmYjczMC1lY2FhLTExZTYtOGY4OC0zNDM2M2JjN2M0YzAiOnsiY3JlYXRlIjozNjAwMDAwMDAwMDAsImRlbGV0ZSI6MzYwMDAwMDAwMDAwLCJ1cGRhdGUiOjM2MDAwMDAwMDAwMH19",
          "dependencies": [
            "module.c19c7c1pdnvc-05.google_compute_network.network"
          ]
        },
        {
          "index_key": "asia-south1/c19c7c1pdndb-sb-01",
          "schema_version": 0,
          "attributes": {
            "creation_timestamp": "2022-06-01T05:33:45.796-07:00",
            "description": "DB subnet (Non-Prod)",
            "external_ipv6_prefix": "",
            "fingerprint": null,
            "gateway_address": "10.165.20.129",
            "id": "projects/c19c7-c1-dc-hst/regions/asia-south1/subnetworks/c19c7c1pdndb-sb-01",
            "ip_cidr_range": "10.165.20.128/25",
            "ipv6_access_type": "",
            "ipv6_cidr_range": "",
            "log_config": [
              {
                "aggregation_interval": "INTERVAL_5_SEC",
                "filter_expr": "true",
                "flow_sampling": 0.5,
                "metadata": "INCLUDE_ALL_METADATA",
                "metadata_fields": []
              }
            ],
            "name": "c19c7c1pdndb-sb-01",
            "network": "https://www.googleapis.com/compute/v1/projects/c19c7-c1-dc-hst/global/networks/c19c7c1pdnvc-05",
            "private_ip_google_access": true,
            "private_ipv6_google_access": "DISABLE_GOOGLE_ACCESS",
            "project": "c19c7-c1-dc-hst",
            "purpose": "PRIVATE",
            "region": "asia-south1",
            "role": "",
            "secondary_ip_range": [],
            "self_link": "https://www.googleapis.com/compute/v1/projects/c19c7-c1-dc-hst/regions/asia-south1/subnetworks/c19c7c1pdndb-sb-01",
            "stack_type": "IPV4_ONLY",
            "timeouts": null
          },
          "sensitive_attributes": [],
          "private": "eyJlMmJmYjczMC1lY2FhLTExZTYtOGY4OC0zNDM2M2JjN2M0YzAiOnsiY3JlYXRlIjozNjAwMDAwMDAwMDAsImRlbGV0ZSI6MzYwMDAwMDAwMDAwLCJ1cGRhdGUiOjM2MDAwMDAwMDAwMH19",
          "dependencies": [
            "module.c19c7c1pdnvc-05.google_compute_network.network"
          ]
        }
      ]
    },
    {
      "module": "module.c19c7c1pdpci-sa-01",
      "mode": "data",
      "type": "template_file",
      "name": "keys",
      "provider": "provider[\"registry.terraform.io/hashicorp/template\"]",
      "instances": [
        {
          "index_key": "c19c7c1pdpci-sa-01",
          "schema_version": 0,
          "attributes": {
            "filename": null,
            "id": "e3b0c44298fc1c149afbf4c8996fb92427ae41e4649b934ca495991b7852b855",
            "rendered": "",
            "template": "${key}",
            "vars": {
              "key": ""
            }
          },
          "sensitive_attributes": []
        }
      ]
    },
    {
      "module": "module.c19c7c1pdpci-sa-01",
      "mode": "managed",
      "type": "google_project_iam_member",
      "name": "project-roles",
      "provider": "provider[\"registry.terraform.io/hashicorp/google\"]",
      "instances": [
        {
          "index_key": "c19c7c1pdpci-sa-01-c19c7-c1-dc-hst=\u003eroles/editor",
          "schema_version": 0,
          "attributes": {
            "condition": [],
            "etag": "BwXgxrpwA/Q=",
            "id": "c19c7-c1-dc-hst/roles/editor/serviceAccount:c19c7c1pdpci-sa-01@c19c7-c1-dc-hst.iam.gserviceaccount.com",
            "member": "serviceAccount:c19c7c1pdpci-sa-01@c19c7-c1-dc-hst.iam.gserviceaccount.com",
            "project": "c19c7-c1-dc-hst",
            "role": "roles/editor"
          },
          "sensitive_attributes": [],
          "private": "bnVsbA==",
          "dependencies": [
            "module.c19c7c1pdpci-sa-01.google_service_account.service_accounts"
          ]
        }
      ]
    },
    {
      "module": "module.c19c7c1pdpci-sa-01",
      "mode": "managed",
      "type": "google_service_account",
      "name": "service_accounts",
      "provider": "provider[\"registry.terraform.io/hashicorp/google\"]",
      "instances": [
        {
          "index_key": "c19c7c1pdpci-sa-01",
          "schema_version": 0,
          "attributes": {
            "account_id": "c19c7c1pdpci-sa-01",
            "description": "Service Account For Compute Instances",
            "disabled": false,
            "display_name": "c19c7c1pdpci-sa-01",
            "email": "c19c7c1pdpci-sa-01@c19c7-c1-dc-hst.iam.gserviceaccount.com",
            "id": "projects/c19c7-c1-dc-hst/serviceAccounts/c19c7c1pdpci-sa-01@c19c7-c1-dc-hst.iam.gserviceaccount.com",
            "name": "projects/c19c7-c1-dc-hst/serviceAccounts/c19c7c1pdpci-sa-01@c19c7-c1-dc-hst.iam.gserviceaccount.com",
            "project": "c19c7-c1-dc-hst",
            "timeouts": null,
            "unique_id": "113947355184644534572"
          },
          "sensitive_attributes": [],
          "private": "eyJlMmJmYjczMC1lY2FhLTExZTYtOGY4OC0zNDM2M2JjN2M0YzAiOnsiY3JlYXRlIjozMDAwMDAwMDAwMDB9fQ=="
        }
      ]
    },
    {
      "module": "module.c19c7c1pdpcr-01",
      "mode": "managed",
      "type": "google_compute_router",
      "name": "router",
      "provider": "provider[\"registry.terraform.io/hashicorp/google\"]",
      "instances": [
        {
          "schema_version": 0,
          "attributes": {
            "bgp": [
              {
                "advertise_mode": "CUSTOM",
                "advertised_groups": [
                  "ALL_SUBNETS"
                ],
                "advertised_ip_ranges": [],
                "asn": 16550
              }
            ],
            "creation_timestamp": "2022-06-03T01:42:53.862-07:00",
            "description": "PD Router for TATA VLAN 01",
            "id": "projects/c19c7-c1-dc-hst/regions/asia-south1/routers/c19c7c1pdpcr-01",
            "name": "c19c7c1pdpcr-01",
            "network": "https://www.googleapis.com/compute/v1/projects/c19c7-c1-dc-hst/global/networks/c19c7c1pdpvc-02",
            "project": "c19c7-c1-dc-hst",
            "region": "asia-south1",
            "self_link": "https://www.googleapis.com/compute/v1/projects/c19c7-c1-dc-hst/regions/asia-south1/routers/c19c7c1pdpcr-01",
            "timeouts": null
          },
          "sensitive_attributes": [],
          "private": "eyJlMmJmYjczMC1lY2FhLTExZTYtOGY4OC0zNDM2M2JjN2M0YzAiOnsiY3JlYXRlIjoyNDAwMDAwMDAwMDAsImRlbGV0ZSI6MjQwMDAwMDAwMDAwLCJ1cGRhdGUiOjI0MDAwMDAwMDAwMH19",
          "dependencies": [
            "module.c19c7c1pdpvc-02-subnets.google_compute_subnetwork.subnetwork",
            "module.c19c7c1pdpvc-02.google_compute_network.network",
            "module.c19c7c1pdpvc-02.google_compute_shared_vpc_host_project.shared_vpc_host"
          ]
        }
      ]
    },
    {
      "module": "module.c19c7c1pdpcr-02",
      "mode": "managed",
      "type": "google_compute_router",
      "name": "router",
      "provider": "provider[\"registry.terraform.io/hashicorp/google\"]",
      "instances": [
        {
          "schema_version": 0,
          "attributes": {
            "bgp": [
              {
                "advertise_mode": "CUSTOM",
                "advertised_groups": [
                  "ALL_SUBNETS"
                ],
                "advertised_ip_ranges": [],
                "asn": 16550
              }
            ],
            "creation_timestamp": "2022-06-03T01:42:54.292-07:00",
            "description": "PD Router for  TATA VLAN 02",
            "id": "projects/c19c7-c1-dc-hst/regions/asia-south1/routers/c19c7c1pdpcr-02",
            "name": "c19c7c1pdpcr-02",
            "network": "https://www.googleapis.com/compute/v1/projects/c19c7-c1-dc-hst/global/networks/c19c7c1pdpvc-02",
            "project": "c19c7-c1-dc-hst",
            "region": "asia-south1",
            "self_link": "https://www.googleapis.com/compute/v1/projects/c19c7-c1-dc-hst/regions/asia-south1/routers/c19c7c1pdpcr-02",
            "timeouts": null
          },
          "sensitive_attributes": [],
          "private": "eyJlMmJmYjczMC1lY2FhLTExZTYtOGY4OC0zNDM2M2JjN2M0YzAiOnsiY3JlYXRlIjoyNDAwMDAwMDAwMDAsImRlbGV0ZSI6MjQwMDAwMDAwMDAwLCJ1cGRhdGUiOjI0MDAwMDAwMDAwMH19",
          "dependencies": [
            "module.c19c7c1pdpvc-02-subnets.google_compute_subnetwork.subnetwork",
            "module.c19c7c1pdpvc-02.google_compute_network.network",
            "module.c19c7c1pdpvc-02.google_compute_shared_vpc_host_project.shared_vpc_host"
          ]
        }
      ]
    },
    {
      "module": "module.c19c7c1pdpcr-03",
      "mode": "managed",
      "type": "google_compute_router",
      "name": "router",
      "provider": "provider[\"registry.terraform.io/hashicorp/google\"]",
      "instances": [
        {
          "schema_version": 0,
          "attributes": {
            "bgp": [
              {
                "advertise_mode": "CUSTOM",
                "advertised_groups": [
                  "ALL_SUBNETS"
                ],
                "advertised_ip_ranges": [],
                "asn": 16550
              }
            ],
            "creation_timestamp": "2022-06-03T01:42:57.608-07:00",
            "description": "PD Router for  AIRTEL VLAN 03",
            "id": "projects/c19c7-c1-dc-hst/regions/asia-south1/routers/c19c7c1pdpcr-03",
            "name": "c19c7c1pdpcr-03",
            "network": "https://www.googleapis.com/compute/v1/projects/c19c7-c1-dc-hst/global/networks/c19c7c1pdpvc-02",
            "project": "c19c7-c1-dc-hst",
            "region": "asia-south1",
            "self_link": "https://www.googleapis.com/compute/v1/projects/c19c7-c1-dc-hst/regions/asia-south1/routers/c19c7c1pdpcr-03",
            "timeouts": null
          },
          "sensitive_attributes": [],
          "private": "eyJlMmJmYjczMC1lY2FhLTExZTYtOGY4OC0zNDM2M2JjN2M0YzAiOnsiY3JlYXRlIjoyNDAwMDAwMDAwMDAsImRlbGV0ZSI6MjQwMDAwMDAwMDAwLCJ1cGRhdGUiOjI0MDAwMDAwMDAwMH19",
          "dependencies": [
            "module.c19c7c1pdpvc-02-subnets.google_compute_subnetwork.subnetwork",
            "module.c19c7c1pdpvc-02.google_compute_network.network",
            "module.c19c7c1pdpvc-02.google_compute_shared_vpc_host_project.shared_vpc_host"
          ]
        }
      ]
    },
    {
      "module": "module.c19c7c1pdpcr-04",
      "mode": "managed",
      "type": "google_compute_router",
      "name": "router",
      "provider": "provider[\"registry.terraform.io/hashicorp/google\"]",
      "instances": [
        {
          "schema_version": 0,
          "attributes": {
            "bgp": [
              {
                "advertise_mode": "CUSTOM",
                "advertised_groups": [
                  "ALL_SUBNETS"
                ],
                "advertised_ip_ranges": [],
                "asn": 16550
              }
            ],
            "creation_timestamp": "2022-06-03T01:42:55.508-07:00",
            "description": "PD Router for  AIRTEL VLAN 04",
            "id": "projects/c19c7-c1-dc-hst/regions/asia-south1/routers/c19c7c1pdpcr-04",
            "name": "c19c7c1pdpcr-04",
            "network": "https://www.googleapis.com/compute/v1/projects/c19c7-c1-dc-hst/global/networks/c19c7c1pdpvc-02",
            "project": "c19c7-c1-dc-hst",
            "region": "asia-south1",
            "self_link": "https://www.googleapis.com/compute/v1/projects/c19c7-c1-dc-hst/regions/asia-south1/routers/c19c7c1pdpcr-04",
            "timeouts": null
          },
          "sensitive_attributes": [],
          "private": "eyJlMmJmYjczMC1lY2FhLTExZTYtOGY4OC0zNDM2M2JjN2M0YzAiOnsiY3JlYXRlIjoyNDAwMDAwMDAwMDAsImRlbGV0ZSI6MjQwMDAwMDAwMDAwLCJ1cGRhdGUiOjI0MDAwMDAwMDAwMH19",
          "dependencies": [
            "module.c19c7c1pdpvc-02-subnets.google_compute_subnetwork.subnetwork",
            "module.c19c7c1pdpvc-02.google_compute_network.network",
            "module.c19c7c1pdpvc-02.google_compute_shared_vpc_host_project.shared_vpc_host"
          ]
        }
      ]
    },
    {
      "module": "module.c19c7c1pdpvc-01",
      "mode": "managed",
      "type": "google_compute_network",
      "name": "network",
      "provider": "provider[\"registry.terraform.io/hashicorp/google\"]",
      "instances": [
        {
          "schema_version": 0,
          "attributes": {
            "auto_create_subnetworks": false,
            "delete_default_routes_on_create": false,
            "description": "External Network VPC (Untrust)",
            "gateway_ipv4": "",
            "id": "projects/c19c7-c1-dc-hst/global/networks/c19c7c1pdpvc-01",
            "mtu": 0,
            "name": "c19c7c1pdpvc-01",
            "project": "c19c7-c1-dc-hst",
            "routing_mode": "GLOBAL",
            "self_link": "https://www.googleapis.com/compute/v1/projects/c19c7-c1-dc-hst/global/networks/c19c7c1pdpvc-01",
            "timeouts": null
          },
          "sensitive_attributes": [],
          "private": "eyJlMmJmYjczMC1lY2FhLTExZTYtOGY4OC0zNDM2M2JjN2M0YzAiOnsiY3JlYXRlIjoyNDAwMDAwMDAwMDAsImRlbGV0ZSI6MjQwMDAwMDAwMDAwLCJ1cGRhdGUiOjI0MDAwMDAwMDAwMH19"
        }
      ]
    },
    {
      "module": "module.c19c7c1pdpvc-01-subnets",
      "mode": "managed",
      "type": "google_compute_subnetwork",
      "name": "subnetwork",
      "provider": "provider[\"registry.terraform.io/hashicorp/google\"]",
      "instances": [
        {
          "index_key": "asia-south1/c19c7c1pdpfw-sb-01",
          "schema_version": 0,
          "attributes": {
            "creation_timestamp": "2022-06-01T05:33:22.892-07:00",
            "description": "FW Subnet (External)",
            "external_ipv6_prefix": "",
            "fingerprint": null,
            "gateway_address": "10.165.16.1",
            "id": "projects/c19c7-c1-dc-hst/regions/asia-south1/subnetworks/c19c7c1pdpfw-sb-01",
            "ip_cidr_range": "10.165.16.0/25",
            "ipv6_access_type": "",
            "ipv6_cidr_range": "",
            "log_config": [
              {
                "aggregation_interval": "INTERVAL_5_SEC",
                "filter_expr": "true",
                "flow_sampling": 0.5,
                "metadata": "INCLUDE_ALL_METADATA",
                "metadata_fields": []
              }
            ],
            "name": "c19c7c1pdpfw-sb-01",
            "network": "https://www.googleapis.com/compute/v1/projects/c19c7-c1-dc-hst/global/networks/c19c7c1pdpvc-01",
            "private_ip_google_access": true,
            "private_ipv6_google_access": "DISABLE_GOOGLE_ACCESS",
            "project": "c19c7-c1-dc-hst",
            "purpose": "PRIVATE",
            "region": "asia-south1",
            "role": "",
            "secondary_ip_range": [],
            "self_link": "https://www.googleapis.com/compute/v1/projects/c19c7-c1-dc-hst/regions/asia-south1/subnetworks/c19c7c1pdpfw-sb-01",
            "stack_type": "IPV4_ONLY",
            "timeouts": null
          },
          "sensitive_attributes": [],
          "private": "eyJlMmJmYjczMC1lY2FhLTExZTYtOGY4OC0zNDM2M2JjN2M0YzAiOnsiY3JlYXRlIjozNjAwMDAwMDAwMDAsImRlbGV0ZSI6MzYwMDAwMDAwMDAwLCJ1cGRhdGUiOjM2MDAwMDAwMDAwMH19",
          "dependencies": [
            "module.c19c7c1pdpvc-01.google_compute_network.network"
          ]
        }
      ]
    },
    {
      "module": "module.c19c7c1pdpvc-02",
      "mode": "managed",
      "type": "google_compute_network",
      "name": "network",
      "provider": "provider[\"registry.terraform.io/hashicorp/google\"]",
      "instances": [
        {
          "schema_version": 0,
          "attributes": {
            "auto_create_subnetworks": false,
            "delete_default_routes_on_create": true,
            "description": "Transit Network VPC (Gateway)",
            "gateway_ipv4": "",
            "id": "projects/c19c7-c1-dc-hst/global/networks/c19c7c1pdpvc-02",
            "mtu": 0,
            "name": "c19c7c1pdpvc-02",
            "project": "c19c7-c1-dc-hst",
            "routing_mode": "GLOBAL",
            "self_link": "https://www.googleapis.com/compute/v1/projects/c19c7-c1-dc-hst/global/networks/c19c7c1pdpvc-02",
            "timeouts": null
          },
          "sensitive_attributes": [],
          "private": "eyJlMmJmYjczMC1lY2FhLTExZTYtOGY4OC0zNDM2M2JjN2M0YzAiOnsiY3JlYXRlIjoyNDAwMDAwMDAwMDAsImRlbGV0ZSI6MjQwMDAwMDAwMDAwLCJ1cGRhdGUiOjI0MDAwMDAwMDAwMH19"
        }
      ]
    },
    {
      "module": "module.c19c7c1pdpvc-02-routes",
      "mode": "managed",
      "type": "google_compute_route",
      "name": "route",
      "provider": "provider[\"registry.terraform.io/hashicorp/google\"]",
      "instances": [
        {
          "index_key": "c19c7c1pdprt-01",
          "schema_version": 0,
          "attributes": {
            "description": "Default Route towards FortiGate Firewall from Transit VPC in DC",
            "dest_range": "0.0.0.0/0",
            "id": "projects/c19c7-c1-dc-hst/global/routes/c19c7c1pdprt-01",
            "name": "c19c7c1pdprt-01",
            "network": "https://www.googleapis.com/compute/v1/projects/c19c7-c1-dc-hst/global/networks/c19c7c1pdpvc-02",
            "next_hop_gateway": "",
            "next_hop_ilb": "",
            "next_hop_instance": "",
            "next_hop_instance_zone": null,
            "next_hop_ip": "10.165.17.125",
            "next_hop_network": "",
            "next_hop_vpn_tunnel": "",
            "priority": 1000,
            "project": "c19c7-c1-dc-hst",
            "self_link": "https://www.googleapis.com/compute/v1/projects/c19c7-c1-dc-hst/global/routes/c19c7c1pdprt-01",
            "tags": [],
            "timeouts": null
          },
          "sensitive_attributes": [],
          "private": "eyJlMmJmYjczMC1lY2FhLTExZTYtOGY4OC0zNDM2M2JjN2M0YzAiOnsiY3JlYXRlIjoyNDAwMDAwMDAwMDAsImRlbGV0ZSI6MjQwMDAwMDAwMDAwfX0=",
          "dependencies": [
            "module.c19c7c1pdpvc-02.google_compute_network.network"
          ]
        }
      ]
    },
    {
      "module": "module.c19c7c1pdpvc-02-subnets",
      "mode": "managed",
      "type": "google_compute_subnetwork",
      "name": "subnetwork",
      "provider": "provider[\"registry.terraform.io/hashicorp/google\"]",
      "instances": [
        {
          "index_key": "asia-south1/c19c7c1pdpgw-sb-01",
          "schema_version": 0,
          "attributes": {
            "creation_timestamp": "2022-06-01T05:33:22.456-07:00",
            "description": "GW Subnet (Transit)",
            "external_ipv6_prefix": "",
            "fingerprint": null,
            "gateway_address": "10.165.17.1",
            "id": "projects/c19c7-c1-dc-hst/regions/asia-south1/subnetworks/c19c7c1pdpgw-sb-01",
            "ip_cidr_range": "10.165.17.0/25",
            "ipv6_access_type": "",
            "ipv6_cidr_range": "",
            "log_config": [
              {
                "aggregation_interval": "INTERVAL_5_SEC",
                "filter_expr": "true",
                "flow_sampling": 0.5,
                "metadata": "INCLUDE_ALL_METADATA",
                "metadata_fields": []
              }
            ],
            "name": "c19c7c1pdpgw-sb-01",
            "network": "https://www.googleapis.com/compute/v1/projects/c19c7-c1-dc-hst/global/networks/c19c7c1pdpvc-02",
            "private_ip_google_access": true,
            "private_ipv6_google_access": "DISABLE_GOOGLE_ACCESS",
            "project": "c19c7-c1-dc-hst",
            "purpose": "PRIVATE",
            "region": "asia-south1",
            "role": "",
            "secondary_ip_range": [],
            "self_link": "https://www.googleapis.com/compute/v1/projects/c19c7-c1-dc-hst/regions/asia-south1/subnetworks/c19c7c1pdpgw-sb-01",
            "stack_type": "IPV4_ONLY",
            "timeouts": null
          },
          "sensitive_attributes": [],
          "private": "eyJlMmJmYjczMC1lY2FhLTExZTYtOGY4OC0zNDM2M2JjN2M0YzAiOnsiY3JlYXRlIjozNjAwMDAwMDAwMDAsImRlbGV0ZSI6MzYwMDAwMDAwMDAwLCJ1cGRhdGUiOjM2MDAwMDAwMDAwMH19",
          "dependencies": [
            "module.c19c7c1pdpvc-02.google_compute_network.network"
          ]
        }
      ]
    },
    {
      "module": "module.c19c7c1pdpvc-03",
      "mode": "managed",
      "type": "google_compute_network",
      "name": "network",
      "provider": "provider[\"registry.terraform.io/hashicorp/google\"]",
      "instances": [
        {
          "schema_version": 0,
          "attributes": {
            "auto_create_subnetworks": false,
            "delete_default_routes_on_create": true,
            "description": "Infra \u0026 Shared subnet (Hub)",
            "gateway_ipv4": "",
            "id": "projects/c19c7-c1-dc-hst/global/networks/c19c7c1pdpvc-03",
            "mtu": 0,
            "name": "c19c7c1pdpvc-03",
            "project": "c19c7-c1-dc-hst",
            "routing_mode": "GLOBAL",
            "self_link": "https://www.googleapis.com/compute/v1/projects/c19c7-c1-dc-hst/global/networks/c19c7c1pdpvc-03",
            "timeouts": null
          },
          "sensitive_attributes": [],
          "private": "eyJlMmJmYjczMC1lY2FhLTExZTYtOGY4OC0zNDM2M2JjN2M0YzAiOnsiY3JlYXRlIjoyNDAwMDAwMDAwMDAsImRlbGV0ZSI6MjQwMDAwMDAwMDAwLCJ1cGRhdGUiOjI0MDAwMDAwMDAwMH19"
        }
      ]
    },
    {
      "module": "module.c19c7c1pdpvc-03-routes",
      "mode": "managed",
      "type": "google_compute_route",
      "name": "route",
      "provider": "provider[\"registry.terraform.io/hashicorp/google\"]",
      "instances": [
        {
          "index_key": "c19c7c1pdprt-02",
          "schema_version": 0,
          "attributes": {
            "description": "Default Route towards FortiGate Firewall  From Shared Services VPC  in DC",
            "dest_range": "0.0.0.0/0",
            "id": "projects/c19c7-c1-dc-hst/global/routes/c19c7c1pdprt-02",
            "name": "c19c7c1pdprt-02",
            "network": "https://www.googleapis.com/compute/v1/projects/c19c7-c1-dc-hst/global/networks/c19c7c1pdpvc-03",
            "next_hop_gateway": "",
            "next_hop_ilb": "",
            "next_hop_instance": "",
            "next_hop_instance_zone": null,
            "next_hop_ip": "10.165.18.253",
            "next_hop_network": "",
            "next_hop_vpn_tunnel": "",
            "priority": 1000,
            "project": "c19c7-c1-dc-hst",
            "self_link": "https://www.googleapis.com/compute/v1/projects/c19c7-c1-dc-hst/global/routes/c19c7c1pdprt-02",
            "tags": [],
            "timeouts": null
          },
          "sensitive_attributes": [],
          "private": "eyJlMmJmYjczMC1lY2FhLTExZTYtOGY4OC0zNDM2M2JjN2M0YzAiOnsiY3JlYXRlIjoyNDAwMDAwMDAwMDAsImRlbGV0ZSI6MjQwMDAwMDAwMDAwfX0=",
          "dependencies": [
            "module.c19c7c1pdpvc-03.google_compute_network.network"
          ]
        }
      ]
    },
    {
      "module": "module.c19c7c1pdpvc-03-subnets",
      "mode": "managed",
      "type": "google_compute_subnetwork",
      "name": "subnetwork",
      "provider": "provider[\"registry.terraform.io/hashicorp/google\"]",
      "instances": [
        {
          "index_key": "asia-south1/c19c7c1pdpis-sb-01",
          "schema_version": 0,
          "attributes": {
            "creation_timestamp": "2022-06-01T05:33:22.566-07:00",
            "description": "Infra Subnet",
            "external_ipv6_prefix": "",
            "fingerprint": null,
            "gateway_address": "10.165.18.1",
            "id": "projects/c19c7-c1-dc-hst/regions/asia-south1/subnetworks/c19c7c1pdpis-sb-01",
            "ip_cidr_range": "10.165.18.0/24",
            "ipv6_access_type": "",
            "ipv6_cidr_range": "",
            "log_config": [
              {
                "aggregation_interval": "INTERVAL_5_SEC",
                "filter_expr": "true",
                "flow_sampling": 0.5,
                "metadata": "INCLUDE_ALL_METADATA",
                "metadata_fields": []
              }
            ],
            "name": "c19c7c1pdpis-sb-01",
            "network": "https://www.googleapis.com/compute/v1/projects/c19c7-c1-dc-hst/global/networks/c19c7c1pdpvc-03",
            "private_ip_google_access": true,
            "private_ipv6_google_access": "DISABLE_GOOGLE_ACCESS",
            "project": "c19c7-c1-dc-hst",
            "purpose": "PRIVATE",
            "region": "asia-south1",
            "role": "",
            "secondary_ip_range": [],
            "self_link": "https://www.googleapis.com/compute/v1/projects/c19c7-c1-dc-hst/regions/asia-south1/subnetworks/c19c7c1pdpis-sb-01",
            "stack_type": "IPV4_ONLY",
            "timeouts": null
          },
          "sensitive_attributes": [],
          "private": "eyJlMmJmYjczMC1lY2FhLTExZTYtOGY4OC0zNDM2M2JjN2M0YzAiOnsiY3JlYXRlIjozNjAwMDAwMDAwMDAsImRlbGV0ZSI6MzYwMDAwMDAwMDAwLCJ1cGRhdGUiOjM2MDAwMDAwMDAwMH19",
          "dependencies": [
            "module.c19c7c1pdpvc-03.google_compute_network.network"
          ]
        }
      ]
    },
    {
      "module": "module.c19c7c1pdpvc-04",
      "mode": "managed",
      "type": "google_compute_network",
      "name": "network",
      "provider": "provider[\"registry.terraform.io/hashicorp/google\"]",
      "instances": [
        {
          "schema_version": 0,
          "attributes": {
            "auto_create_subnetworks": false,
            "delete_default_routes_on_create": true,
            "description": "SAP Prod VPC (Spoke)",
            "gateway_ipv4": "",
            "id": "projects/c19c7-c1-dc-hst/global/networks/c19c7c1pdpvc-04",
            "mtu": 0,
            "name": "c19c7c1pdpvc-04",
            "project": "c19c7-c1-dc-hst",
            "routing_mode": "GLOBAL",
            "self_link": "https://www.googleapis.com/compute/v1/projects/c19c7-c1-dc-hst/global/networks/c19c7c1pdpvc-04",
            "timeouts": null
          },
          "sensitive_attributes": [],
          "private": "eyJlMmJmYjczMC1lY2FhLTExZTYtOGY4OC0zNDM2M2JjN2M0YzAiOnsiY3JlYXRlIjoyNDAwMDAwMDAwMDAsImRlbGV0ZSI6MjQwMDAwMDAwMDAwLCJ1cGRhdGUiOjI0MDAwMDAwMDAwMH19"
        }
      ]
    },
    {
      "module": "module.c19c7c1pdpvc-04-subnets",
      "mode": "managed",
      "type": "google_compute_subnetwork",
      "name": "subnetwork",
      "provider": "provider[\"registry.terraform.io/hashicorp/google\"]",
      "instances": [
        {
          "index_key": "asia-south1/c19c7c1pdpap-sb-01",
          "schema_version": 0,
          "attributes": {
            "creation_timestamp": "2022-06-01T05:33:22.631-07:00",
            "description": "App Subnet (Prod)",
            "external_ipv6_prefix": "",
            "fingerprint": null,
            "gateway_address": "10.165.19.1",
            "id": "projects/c19c7-c1-dc-hst/regions/asia-south1/subnetworks/c19c7c1pdpap-sb-01",
            "ip_cidr_range": "10.165.19.0/25",
            "ipv6_access_type": "",
            "ipv6_cidr_range": "",
            "log_config": [
              {
                "aggregation_interval": "INTERVAL_5_SEC",
                "filter_expr": "true",
                "flow_sampling": 0.5,
                "metadata": "INCLUDE_ALL_METADATA",
                "metadata_fields": []
              }
            ],
            "name": "c19c7c1pdpap-sb-01",
            "network": "https://www.googleapis.com/compute/v1/projects/c19c7-c1-dc-hst/global/networks/c19c7c1pdpvc-04",
            "private_ip_google_access": true,
            "private_ipv6_google_access": "DISABLE_GOOGLE_ACCESS",
            "project": "c19c7-c1-dc-hst",
            "purpose": "PRIVATE",
            "region": "asia-south1",
            "role": "",
            "secondary_ip_range": [],
            "self_link": "https://www.googleapis.com/compute/v1/projects/c19c7-c1-dc-hst/regions/asia-south1/subnetworks/c19c7c1pdpap-sb-01",
            "stack_type": "IPV4_ONLY",
            "timeouts": null
          },
          "sensitive_attributes": [],
          "private": "eyJlMmJmYjczMC1lY2FhLTExZTYtOGY4OC0zNDM2M2JjN2M0YzAiOnsiY3JlYXRlIjozNjAwMDAwMDAwMDAsImRlbGV0ZSI6MzYwMDAwMDAwMDAwLCJ1cGRhdGUiOjM2MDAwMDAwMDAwMH19",
          "dependencies": [
            "module.c19c7c1pdpvc-04.google_compute_network.network"
          ]
        },
        {
          "index_key": "asia-south1/c19c7c1pdpdb-sb-01",
          "schema_version": 0,
          "attributes": {
            "creation_timestamp": "2022-06-01T05:33:22.450-07:00",
            "description": "DB subnet (Prod)",
            "external_ipv6_prefix": "",
            "fingerprint": null,
            "gateway_address": "10.165.19.129",
            "id": "projects/c19c7-c1-dc-hst/regions/asia-south1/subnetworks/c19c7c1pdpdb-sb-01",
            "ip_cidr_range": "10.165.19.128/25",
            "ipv6_access_type": "",
            "ipv6_cidr_range": "",
            "log_config": [
              {
                "aggregation_interval": "INTERVAL_5_SEC",
                "filter_expr": "true",
                "flow_sampling": 0.5,
                "metadata": "INCLUDE_ALL_METADATA",
                "metadata_fields": []
              }
            ],
            "name": "c19c7c1pdpdb-sb-01",
            "network": "https://www.googleapis.com/compute/v1/projects/c19c7-c1-dc-hst/global/networks/c19c7c1pdpvc-04",
            "private_ip_google_access": true,
            "private_ipv6_google_access": "DISABLE_GOOGLE_ACCESS",
            "project": "c19c7-c1-dc-hst",
            "purpose": "PRIVATE",
            "region": "asia-south1",
            "role": "",
            "secondary_ip_range": [],
            "self_link": "https://www.googleapis.com/compute/v1/projects/c19c7-c1-dc-hst/regions/asia-south1/subnetworks/c19c7c1pdpdb-sb-01",
            "stack_type": "IPV4_ONLY",
            "timeouts": null
          },
          "sensitive_attributes": [],
          "private": "eyJlMmJmYjczMC1lY2FhLTExZTYtOGY4OC0zNDM2M2JjN2M0YzAiOnsiY3JlYXRlIjozNjAwMDAwMDAwMDAsImRlbGV0ZSI6MzYwMDAwMDAwMDAwLCJ1cGRhdGUiOjM2MDAwMDAwMDAwMH19",
          "dependencies": [
            "module.c19c7c1pdpvc-04.google_compute_network.network"
          ]
        }
      ]
    },
    {
      "module": "module.c19c7c1pdpvc-06",
      "mode": "managed",
      "type": "google_compute_network",
      "name": "network",
      "provider": "provider[\"registry.terraform.io/hashicorp/google\"]",
      "instances": [
        {
          "schema_version": 0,
          "attributes": {
            "auto_create_subnetworks": false,
            "delete_default_routes_on_create": false,
            "description": "External Network VPC (Firewall Management)",
            "gateway_ipv4": "",
            "id": "projects/c19c7-c1-dc-hst/global/networks/c19c7c1pdpvc-06",
            "mtu": 0,
            "name": "c19c7c1pdpvc-06",
            "project": "c19c7-c1-dc-hst",
            "routing_mode": "GLOBAL",
            "self_link": "https://www.googleapis.com/compute/v1/projects/c19c7-c1-dc-hst/global/networks/c19c7c1pdpvc-06",
            "timeouts": null
          },
          "sensitive_attributes": [],
          "private": "eyJlMmJmYjczMC1lY2FhLTExZTYtOGY4OC0zNDM2M2JjN2M0YzAiOnsiY3JlYXRlIjoyNDAwMDAwMDAwMDAsImRlbGV0ZSI6MjQwMDAwMDAwMDAwLCJ1cGRhdGUiOjI0MDAwMDAwMDAwMH19"
        }
      ]
    },
    {
      "module": "module.c19c7c1pdpvc-06-subnets",
      "mode": "managed",
      "type": "google_compute_subnetwork",
      "name": "subnetwork",
      "provider": "provider[\"registry.terraform.io/hashicorp/google\"]",
      "instances": [
        {
          "index_key": "asia-south1/c19c7c1pdpmg-sb-01",
          "schema_version": 0,
          "attributes": {
            "creation_timestamp": "2022-06-01T05:33:22.533-07:00",
            "description": "FW Subnet (Mgmt)",
            "external_ipv6_prefix": "",
            "fingerprint": null,
            "gateway_address": "10.165.16.129",
            "id": "projects/c19c7-c1-dc-hst/regions/asia-south1/subnetworks/c19c7c1pdpmg-sb-01",
            "ip_cidr_range": "10.165.16.128/25",
            "ipv6_access_type": "",
            "ipv6_cidr_range": "",
            "log_config": [
              {
                "aggregation_interval": "INTERVAL_5_SEC",
                "filter_expr": "true",
                "flow_sampling": 0.5,
                "metadata": "INCLUDE_ALL_METADATA",
                "metadata_fields": []
              }
            ],
            "name": "c19c7c1pdpmg-sb-01",
            "network": "https://www.googleapis.com/compute/v1/projects/c19c7-c1-dc-hst/global/networks/c19c7c1pdpvc-06",
            "private_ip_google_access": true,
            "private_ipv6_google_access": "DISABLE_GOOGLE_ACCESS",
            "project": "c19c7-c1-dc-hst",
            "purpose": "PRIVATE",
            "region": "asia-south1",
            "role": "",
            "secondary_ip_range": [],
            "self_link": "https://www.googleapis.com/compute/v1/projects/c19c7-c1-dc-hst/regions/asia-south1/subnetworks/c19c7c1pdpmg-sb-01",
            "stack_type": "IPV4_ONLY",
            "timeouts": null
          },
          "sensitive_attributes": [],
          "private": "eyJlMmJmYjczMC1lY2FhLTExZTYtOGY4OC0zNDM2M2JjN2M0YzAiOnsiY3JlYXRlIjozNjAwMDAwMDAwMDAsImRlbGV0ZSI6MzYwMDAwMDAwMDAwLCJ1cGRhdGUiOjM2MDAwMDAwMDAwMH19",
          "dependencies": [
            "module.c19c7c1pdpvc-06.google_compute_network.network"
          ]
        }
      ]
    },
    {
      "module": "module.c19c7c1pdpvc-07",
      "mode": "managed",
      "type": "google_compute_network",
      "name": "network",
      "provider": "provider[\"registry.terraform.io/hashicorp/google\"]",
      "instances": [
        {
          "schema_version": 0,
          "attributes": {
            "auto_create_subnetworks": false,
            "delete_default_routes_on_create": true,
            "description": "Transit Network VPC (Firewall HA)",
            "gateway_ipv4": "",
            "id": "projects/c19c7-c1-dc-hst/global/networks/c19c7c1pdpvc-07",
            "mtu": 0,
            "name": "c19c7c1pdpvc-07",
            "project": "c19c7-c1-dc-hst",
            "routing_mode": "GLOBAL",
            "self_link": "https://www.googleapis.com/compute/v1/projects/c19c7-c1-dc-hst/global/networks/c19c7c1pdpvc-07",
            "timeouts": null
          },
          "sensitive_attributes": [],
          "private": "eyJlMmJmYjczMC1lY2FhLTExZTYtOGY4OC0zNDM2M2JjN2M0YzAiOnsiY3JlYXRlIjoyNDAwMDAwMDAwMDAsImRlbGV0ZSI6MjQwMDAwMDAwMDAwLCJ1cGRhdGUiOjI0MDAwMDAwMDAwMH19"
        }
      ]
    },
    {
      "module": "module.c19c7c1pdpvc-07-routes",
      "mode": "managed",
      "type": "google_compute_route",
      "name": "route",
      "provider": "provider[\"registry.terraform.io/hashicorp/google\"]",
      "instances": [
        {
          "index_key": "c19c7c1pdprt-03",
          "schema_version": 0,
          "attributes": {
            "description": "Default Route towards FortiGate Firewall  From Firewall Sync VPC  in DC",
            "dest_range": "0.0.0.0/0",
            "id": "projects/c19c7-c1-dc-hst/global/routes/c19c7c1pdprt-03",
            "name": "c19c7c1pdprt-03",
            "network": "https://www.googleapis.com/compute/v1/projects/c19c7-c1-dc-hst/global/networks/c19c7c1pdpvc-07",
            "next_hop_gateway": "",
            "next_hop_ilb": "",
            "next_hop_instance": "",
            "next_hop_instance_zone": null,
            "next_hop_ip": "10.165.17.253",
            "next_hop_network": "",
            "next_hop_vpn_tunnel": "",
            "priority": 1000,
            "project": "c19c7-c1-dc-hst",
            "self_link": "https://www.googleapis.com/compute/v1/projects/c19c7-c1-dc-hst/global/routes/c19c7c1pdprt-03",
            "tags": [],
            "timeouts": null
          },
          "sensitive_attributes": [],
          "private": "eyJlMmJmYjczMC1lY2FhLTExZTYtOGY4OC0zNDM2M2JjN2M0YzAiOnsiY3JlYXRlIjoyNDAwMDAwMDAwMDAsImRlbGV0ZSI6MjQwMDAwMDAwMDAwfX0=",
          "dependencies": [
            "module.c19c7c1pdpvc-07.google_compute_network.network"
          ]
        }
      ]
    },
    {
      "module": "module.c19c7c1pdpvc-07-subnets",
      "mode": "managed",
      "type": "google_compute_subnetwork",
      "name": "subnetwork",
      "provider": "provider[\"registry.terraform.io/hashicorp/google\"]",
      "instances": [
        {
          "index_key": "asia-south1/c19c7c1pdpha-sb-01",
          "schema_version": 0,
          "attributes": {
            "creation_timestamp": "2022-06-01T05:33:13.779-07:00",
            "description": "FW Subnet (HA)",
            "external_ipv6_prefix": "",
            "fingerprint": null,
            "gateway_address": "10.165.17.129",
            "id": "projects/c19c7-c1-dc-hst/regions/asia-south1/subnetworks/c19c7c1pdpha-sb-01",
            "ip_cidr_range": "10.165.17.128/25",
            "ipv6_access_type": "",
            "ipv6_cidr_range": "",
            "log_config": [
              {
                "aggregation_interval": "INTERVAL_5_SEC",
                "filter_expr": "true",
                "flow_sampling": 0.5,
                "metadata": "INCLUDE_ALL_METADATA",
                "metadata_fields": []
              }
            ],
            "name": "c19c7c1pdpha-sb-01",
            "network": "https://www.googleapis.com/compute/v1/projects/c19c7-c1-dc-hst/global/networks/c19c7c1pdpvc-07",
            "private_ip_google_access": true,
            "private_ipv6_google_access": "DISABLE_GOOGLE_ACCESS",
            "project": "c19c7-c1-dc-hst",
            "purpose": "PRIVATE",
            "region": "asia-south1",
            "role": "",
            "secondary_ip_range": [],
            "self_link": "https://www.googleapis.com/compute/v1/projects/c19c7-c1-dc-hst/regions/asia-south1/subnetworks/c19c7c1pdpha-sb-01",
            "stack_type": "IPV4_ONLY",
            "timeouts": null
          },
          "sensitive_attributes": [],
          "private": "eyJlMmJmYjczMC1lY2FhLTExZTYtOGY4OC0zNDM2M2JjN2M0YzAiOnsiY3JlYXRlIjozNjAwMDAwMDAwMDAsImRlbGV0ZSI6MzYwMDAwMDAwMDAwLCJ1cGRhdGUiOjM2MDAwMDAwMDAwMH19",
          "dependencies": [
            "module.c19c7c1pdpvc-07.google_compute_network.network"
          ]
        }
      ]
    }
  ]
}
