{
  "version": 4,
  "terraform_version": "1.2.2",
  "serial": 67,
  "lineage": "aa485ff6-e065-4903-44eb-d38f47d9d95f",
  "outputs": {},
  "resources": [
    {
      "mode": "managed",
      "type": "google_compute_address",
      "name": "c19c7c1pdpip-c19c7c1pdp99-ex",
      "provider": "provider[\"registry.terraform.io/hashicorp/google\"]",
      "instances": [
        {
          "schema_version": 0,
          "attributes": {
            "address": "34.93.29.109",
            "address_type": "EXTERNAL",
            "creation_timestamp": "2022-06-09T00:20:31.635-07:00",
            "description": "",
            "id": "projects/c19c7-c1-dc-inf/regions/asia-south1/addresses/c19c7c1pdpip-c19c7c1pdp99-ex",
            "name": "c19c7c1pdpip-c19c7c1pdp99-ex",
            "network": "",
            "network_tier": "PREMIUM",
            "prefix_length": 0,
            "project": "c19c7-c1-dc-inf",
            "purpose": "",
            "region": "asia-south1",
            "self_link": "https://www.googleapis.com/compute/v1/projects/c19c7-c1-dc-inf/regions/asia-south1/addresses/c19c7c1pdpip-c19c7c1pdp99-ex",
            "subnetwork": "",
            "timeouts": null,
            "users": [
              "https://www.googleapis.com/compute/v1/projects/c19c7-c1-dc-inf/zones/asia-south1-a/instances/c19c7c1pdp99"
            ]
          },
          "sensitive_attributes": [],
          "private": "eyJlMmJmYjczMC1lY2FhLTExZTYtOGY4OC0zNDM2M2JjN2M0YzAiOnsiY3JlYXRlIjoyNDAwMDAwMDAwMDAsImRlbGV0ZSI6MjQwMDAwMDAwMDAwfX0="
        }
      ]
    },
    {
      "mode": "managed",
      "type": "google_compute_disk",
      "name": "c19c7c1pdppd-c19c7c1pdp10-01",
      "provider": "provider[\"registry.terraform.io/hashicorp/google\"]",
      "instances": [
        {
          "schema_version": 0,
          "attributes": {
            "creation_timestamp": "2022-06-08T03:31:59.904-07:00",
            "description": "Commvault application drive",
            "disk_encryption_key": [],
            "id": "projects/c19c7-c1-dc-inf/zones/asia-south1-a/disks/c19c7c1pdppd-c19c7c1pdp10-01",
            "image": "",
            "label_fingerprint": "42WmSpB8rSM=",
            "labels": {},
            "last_attach_timestamp": "2022-06-08T03:38:50.752-07:00",
            "last_detach_timestamp": "2022-06-08T03:38:17.020-07:00",
            "name": "c19c7c1pdppd-c19c7c1pdp10-01",
            "physical_block_size_bytes": 4096,
            "project": "c19c7-c1-dc-inf",
            "provisioned_iops": 0,
            "self_link": "https://www.googleapis.com/compute/v1/projects/c19c7-c1-dc-inf/zones/asia-south1-a/disks/c19c7c1pdppd-c19c7c1pdp10-01",
            "size": 200,
            "snapshot": "",
            "source_image_encryption_key": [],
            "source_image_id": "",
            "source_snapshot_encryption_key": [],
            "source_snapshot_id": "",
            "timeouts": null,
            "type": "pd-ssd",
            "users": [
              "https://www.googleapis.com/compute/v1/projects/c19c7-c1-dc-inf/zones/asia-south1-a/instances/c19c7c1pdp10"
            ],
            "zone": "asia-south1-a"
          },
          "sensitive_attributes": [],
          "private": "eyJlMmJmYjczMC1lY2FhLTExZTYtOGY4OC0zNDM2M2JjN2M0YzAiOnsiY3JlYXRlIjozMDAwMDAwMDAwMDAsImRlbGV0ZSI6MjQwMDAwMDAwMDAwLCJ1cGRhdGUiOjI0MDAwMDAwMDAwMH19"
        }
      ]
    },
    {
      "mode": "managed",
      "type": "google_compute_disk",
      "name": "c19c7c1pdppd-c19c7c1pdp10-02",
      "provider": "provider[\"registry.terraform.io/hashicorp/google\"]",
      "instances": [
        {
          "schema_version": 0,
          "attributes": {
            "creation_timestamp": "2022-06-08T03:32:00.711-07:00",
            "description": "DDB Partition",
            "disk_encryption_key": [],
            "id": "projects/c19c7-c1-dc-inf/zones/asia-south1-a/disks/c19c7c1pdppd-c19c7c1pdp10-02",
            "image": "",
            "label_fingerprint": "42WmSpB8rSM=",
            "labels": {},
            "last_attach_timestamp": "2022-06-08T03:38:50.754-07:00",
            "last_detach_timestamp": "2022-06-08T03:38:17.020-07:00",
            "name": "c19c7c1pdppd-c19c7c1pdp10-02",
            "physical_block_size_bytes": 4096,
            "project": "c19c7-c1-dc-inf",
            "provisioned_iops": 0,
            "self_link": "https://www.googleapis.com/compute/v1/projects/c19c7-c1-dc-inf/zones/asia-south1-a/disks/c19c7c1pdppd-c19c7c1pdp10-02",
            "size": 400,
            "snapshot": "",
            "source_image_encryption_key": [],
            "source_image_id": "",
            "source_snapshot_encryption_key": [],
            "source_snapshot_id": "",
            "timeouts": null,
            "type": "pd-ssd",
            "users": [
              "https://www.googleapis.com/compute/v1/projects/c19c7-c1-dc-inf/zones/asia-south1-a/instances/c19c7c1pdp10"
            ],
            "zone": "asia-south1-a"
          },
          "sensitive_attributes": [],
          "private": "eyJlMmJmYjczMC1lY2FhLTExZTYtOGY4OC0zNDM2M2JjN2M0YzAiOnsiY3JlYXRlIjozMDAwMDAwMDAwMDAsImRlbGV0ZSI6MjQwMDAwMDAwMDAwLCJ1cGRhdGUiOjI0MDAwMDAwMDAwMH19"
        }
      ]
    },
    {
      "mode": "managed",
      "type": "google_compute_disk",
      "name": "c19c7c1pdppd-c19c7c1pdp10-03",
      "provider": "provider[\"registry.terraform.io/hashicorp/google\"]",
      "instances": [
        {
          "schema_version": 0,
          "attributes": {
            "creation_timestamp": "2022-06-08T03:31:59.698-07:00",
            "description": "Index Partition",
            "disk_encryption_key": [],
            "id": "projects/c19c7-c1-dc-inf/zones/asia-south1-a/disks/c19c7c1pdppd-c19c7c1pdp10-03",
            "image": "",
            "label_fingerprint": "42WmSpB8rSM=",
            "labels": {},
            "last_attach_timestamp": "2022-06-08T03:38:50.756-07:00",
            "last_detach_timestamp": "2022-06-08T03:38:17.020-07:00",
            "name": "c19c7c1pdppd-c19c7c1pdp10-03",
            "physical_block_size_bytes": 4096,
            "project": "c19c7-c1-dc-inf",
            "provisioned_iops": 0,
            "self_link": "https://www.googleapis.com/compute/v1/projects/c19c7-c1-dc-inf/zones/asia-south1-a/disks/c19c7c1pdppd-c19c7c1pdp10-03",
            "size": 400,
            "snapshot": "",
            "source_image_encryption_key": [],
            "source_image_id": "",
            "source_snapshot_encryption_key": [],
            "source_snapshot_id": "",
            "timeouts": null,
            "type": "pd-ssd",
            "users": [
              "https://www.googleapis.com/compute/v1/projects/c19c7-c1-dc-inf/zones/asia-south1-a/instances/c19c7c1pdp10"
            ],
            "zone": "asia-south1-a"
          },
          "sensitive_attributes": [],
          "private": "eyJlMmJmYjczMC1lY2FhLTExZTYtOGY4OC0zNDM2M2JjN2M0YzAiOnsiY3JlYXRlIjozMDAwMDAwMDAwMDAsImRlbGV0ZSI6MjQwMDAwMDAwMDAwLCJ1cGRhdGUiOjI0MDAwMDAwMDAwMH19"
        }
      ]
    },
    {
      "mode": "managed",
      "type": "google_compute_disk",
      "name": "c19c7c1pdppd-c19c7c1pdp11-01",
      "provider": "provider[\"registry.terraform.io/hashicorp/google\"]",
      "instances": [
        {
          "schema_version": 0,
          "attributes": {
            "creation_timestamp": "2022-06-08T04:01:14.741-07:00",
            "description": "Commmvault App disk",
            "disk_encryption_key": [],
            "id": "projects/c19c7-c1-dc-inf/zones/asia-south1-a/disks/c19c7c1pdppd-c19c7c1pdp11-01",
            "image": "",
            "label_fingerprint": "42WmSpB8rSM=",
            "labels": {},
            "last_attach_timestamp": "2022-06-08T04:01:30.735-07:00",
            "last_detach_timestamp": "",
            "name": "c19c7c1pdppd-c19c7c1pdp11-01",
            "physical_block_size_bytes": 4096,
            "project": "c19c7-c1-dc-inf",
            "provisioned_iops": 0,
            "self_link": "https://www.googleapis.com/compute/v1/projects/c19c7-c1-dc-inf/zones/asia-south1-a/disks/c19c7c1pdppd-c19c7c1pdp11-01",
            "size": 200,
            "snapshot": "",
            "source_image_encryption_key": [],
            "source_image_id": "",
            "source_snapshot_encryption_key": [],
            "source_snapshot_id": "",
            "timeouts": null,
            "type": "pd-ssd",
            "users": [
              "https://www.googleapis.com/compute/v1/projects/c19c7-c1-dc-inf/zones/asia-south1-a/instances/c19c7c1pdp11"
            ],
            "zone": "asia-south1-a"
          },
          "sensitive_attributes": [],
          "private": "eyJlMmJmYjczMC1lY2FhLTExZTYtOGY4OC0zNDM2M2JjN2M0YzAiOnsiY3JlYXRlIjozMDAwMDAwMDAwMDAsImRlbGV0ZSI6MjQwMDAwMDAwMDAwLCJ1cGRhdGUiOjI0MDAwMDAwMDAwMH19"
        }
      ]
    },
    {
      "mode": "managed",
      "type": "google_compute_disk",
      "name": "c19c7c1pdppd-c19c7c1pdp11-02",
      "provider": "provider[\"registry.terraform.io/hashicorp/google\"]",
      "instances": [
        {
          "schema_version": 0,
          "attributes": {
            "creation_timestamp": "2022-06-08T04:01:14.584-07:00",
            "description": "DR Backup",
            "disk_encryption_key": [],
            "id": "projects/c19c7-c1-dc-inf/zones/asia-south1-a/disks/c19c7c1pdppd-c19c7c1pdp11-02",
            "image": "",
            "label_fingerprint": "42WmSpB8rSM=",
            "labels": {},
            "last_attach_timestamp": "2022-06-08T04:01:30.757-07:00",
            "last_detach_timestamp": "",
            "name": "c19c7c1pdppd-c19c7c1pdp11-02",
            "physical_block_size_bytes": 4096,
            "project": "c19c7-c1-dc-inf",
            "provisioned_iops": 0,
            "self_link": "https://www.googleapis.com/compute/v1/projects/c19c7-c1-dc-inf/zones/asia-south1-a/disks/c19c7c1pdppd-c19c7c1pdp11-02",
            "size": 200,
            "snapshot": "",
            "source_image_encryption_key": [],
            "source_image_id": "",
            "source_snapshot_encryption_key": [],
            "source_snapshot_id": "",
            "timeouts": null,
            "type": "pd-ssd",
            "users": [
              "https://www.googleapis.com/compute/v1/projects/c19c7-c1-dc-inf/zones/asia-south1-a/instances/c19c7c1pdp11"
            ],
            "zone": "asia-south1-a"
          },
          "sensitive_attributes": [],
          "private": "eyJlMmJmYjczMC1lY2FhLTExZTYtOGY4OC0zNDM2M2JjN2M0YzAiOnsiY3JlYXRlIjozMDAwMDAwMDAwMDAsImRlbGV0ZSI6MjQwMDAwMDAwMDAwLCJ1cGRhdGUiOjI0MDAwMDAwMDAwMH19"
        }
      ]
    },
    {
      "mode": "managed",
      "type": "google_compute_disk",
      "name": "c19c7c1pdppd-c19c7c1pdp12-01",
      "provider": "provider[\"registry.terraform.io/hashicorp/google\"]",
      "instances": [
        {
          "schema_version": 0,
          "attributes": {
            "creation_timestamp": "2022-06-08T04:01:14.746-07:00",
            "description": "VA Drive",
            "disk_encryption_key": [],
            "id": "projects/c19c7-c1-dc-inf/zones/asia-south1-a/disks/c19c7c1pdppd-c19c7c1pdp12-01",
            "image": "",
            "label_fingerprint": "42WmSpB8rSM=",
            "labels": {},
            "last_attach_timestamp": "2022-06-08T04:01:30.092-07:00",
            "last_detach_timestamp": "",
            "name": "c19c7c1pdppd-c19c7c1pdp12-01",
            "physical_block_size_bytes": 4096,
            "project": "c19c7-c1-dc-inf",
            "provisioned_iops": 0,
            "self_link": "https://www.googleapis.com/compute/v1/projects/c19c7-c1-dc-inf/zones/asia-south1-a/disks/c19c7c1pdppd-c19c7c1pdp12-01",
            "size": 30,
            "snapshot": "",
            "source_image_encryption_key": [],
            "source_image_id": "",
            "source_snapshot_encryption_key": [],
            "source_snapshot_id": "",
            "timeouts": null,
            "type": "pd-ssd",
            "users": [
              "https://www.googleapis.com/compute/v1/projects/c19c7-c1-dc-inf/zones/asia-south1-a/instances/c19c7c1pdp12"
            ],
            "zone": "asia-south1-a"
          },
          "sensitive_attributes": [],
          "private": "eyJlMmJmYjczMC1lY2FhLTExZTYtOGY4OC0zNDM2M2JjN2M0YzAiOnsiY3JlYXRlIjozMDAwMDAwMDAwMDAsImRlbGV0ZSI6MjQwMDAwMDAwMDAwLCJ1cGRhdGUiOjI0MDAwMDAwMDAwMH19"
        }
      ]
    },
    {
      "mode": "managed",
      "type": "google_compute_disk",
      "name": "c19c7c1pdppd-c19c7c1pdp14-01",
      "provider": "provider[\"registry.terraform.io/hashicorp/google\"]",
      "instances": [
        {
          "schema_version": 0,
          "attributes": {
            "creation_timestamp": "2022-06-08T04:09:46.575-07:00",
            "description": "Commmvault App disk",
            "disk_encryption_key": [],
            "id": "projects/c19c7-c1-dc-inf/zones/asia-south1-a/disks/c19c7c1pdppd-c19c7c1pdp14-01",
            "image": "",
            "label_fingerprint": "42WmSpB8rSM=",
            "labels": {},
            "last_attach_timestamp": "2022-06-08T04:10:02.266-07:00",
            "last_detach_timestamp": "",
            "name": "c19c7c1pdppd-c19c7c1pdp14-01",
            "physical_block_size_bytes": 4096,
            "project": "c19c7-c1-dc-inf",
            "provisioned_iops": 0,
            "self_link": "https://www.googleapis.com/compute/v1/projects/c19c7-c1-dc-inf/zones/asia-south1-a/disks/c19c7c1pdppd-c19c7c1pdp14-01",
            "size": 200,
            "snapshot": "",
            "source_image_encryption_key": [],
            "source_image_id": "",
            "source_snapshot_encryption_key": [],
            "source_snapshot_id": "",
            "timeouts": null,
            "type": "pd-ssd",
            "users": [
              "https://www.googleapis.com/compute/v1/projects/c19c7-c1-dc-inf/zones/asia-south1-a/instances/c19c7c1pdp14"
            ],
            "zone": "asia-south1-a"
          },
          "sensitive_attributes": [],
          "private": "eyJlMmJmYjczMC1lY2FhLTExZTYtOGY4OC0zNDM2M2JjN2M0YzAiOnsiY3JlYXRlIjozMDAwMDAwMDAwMDAsImRlbGV0ZSI6MjQwMDAwMDAwMDAwLCJ1cGRhdGUiOjI0MDAwMDAwMDAwMH19"
        }
      ]
    },
    {
      "mode": "managed",
      "type": "google_compute_disk",
      "name": "c19c7c1pdppd-c19c7c1pdp8-01",
      "provider": "provider[\"registry.terraform.io/hashicorp/google\"]",
      "instances": [
        {
          "schema_version": 0,
          "attributes": {
            "creation_timestamp": "2022-06-09T00:14:34.461-07:00",
            "description": "DSM-AV Server Data Disk",
            "disk_encryption_key": [],
            "id": "projects/c19c7-c1-dc-inf/zones/asia-south1-a/disks/c19c7c1pdppd-c19c7c1pdp8-01",
            "image": "",
            "label_fingerprint": "42WmSpB8rSM=",
            "labels": {},
            "last_attach_timestamp": "2022-06-09T00:16:02.069-07:00",
            "last_detach_timestamp": "",
            "name": "c19c7c1pdppd-c19c7c1pdp8-01",
            "physical_block_size_bytes": 4096,
            "project": "c19c7-c1-dc-inf",
            "provisioned_iops": 0,
            "self_link": "https://www.googleapis.com/compute/v1/projects/c19c7-c1-dc-inf/zones/asia-south1-a/disks/c19c7c1pdppd-c19c7c1pdp8-01",
            "size": 100,
            "snapshot": "",
            "source_image_encryption_key": [],
            "source_image_id": "",
            "source_snapshot_encryption_key": [],
            "source_snapshot_id": "",
            "timeouts": null,
            "type": "pd-ssd",
            "users": [
              "https://www.googleapis.com/compute/v1/projects/c19c7-c1-dc-inf/zones/asia-south1-a/instances/c19c7c1pdp8"
            ],
            "zone": "asia-south1-a"
          },
          "sensitive_attributes": [],
          "private": "eyJlMmJmYjczMC1lY2FhLTExZTYtOGY4OC0zNDM2M2JjN2M0YzAiOnsiY3JlYXRlIjozMDAwMDAwMDAwMDAsImRlbGV0ZSI6MjQwMDAwMDAwMDAwLCJ1cGRhdGUiOjI0MDAwMDAwMDAwMH19"
        }
      ]
    },
    {
      "mode": "managed",
      "type": "google_compute_disk",
      "name": "c19c7c1pdppd-c19c7c1pdp99-01",
      "provider": "provider[\"registry.terraform.io/hashicorp/google\"]",
      "instances": [
        {
          "schema_version": 0,
          "attributes": {
            "creation_timestamp": "2022-06-09T00:20:30.465-07:00",
            "description": "Data",
            "disk_encryption_key": [],
            "id": "projects/c19c7-c1-dc-inf/zones/asia-south1-a/disks/c19c7c1pdppd-c19c7c1pdp99-01",
            "image": "",
            "label_fingerprint": "42WmSpB8rSM=",
            "labels": {},
            "last_attach_timestamp": "2022-06-09T00:20:44.859-07:00",
            "last_detach_timestamp": "",
            "name": "c19c7c1pdppd-c19c7c1pdp99-01",
            "physical_block_size_bytes": 4096,
            "project": "c19c7-c1-dc-inf",
            "provisioned_iops": 0,
            "self_link": "https://www.googleapis.com/compute/v1/projects/c19c7-c1-dc-inf/zones/asia-south1-a/disks/c19c7c1pdppd-c19c7c1pdp99-01",
            "size": 50,
            "snapshot": "",
            "source_image_encryption_key": [],
            "source_image_id": "",
            "source_snapshot_encryption_key": [],
            "source_snapshot_id": "",
            "timeouts": null,
            "type": "pd-standard",
            "users": [
              "https://www.googleapis.com/compute/v1/projects/c19c7-c1-dc-inf/zones/asia-south1-a/instances/c19c7c1pdp99"
            ],
            "zone": "asia-south1-a"
          },
          "sensitive_attributes": [],
          "private": "eyJlMmJmYjczMC1lY2FhLTExZTYtOGY4OC0zNDM2M2JjN2M0YzAiOnsiY3JlYXRlIjozMDAwMDAwMDAwMDAsImRlbGV0ZSI6MjQwMDAwMDAwMDAwLCJ1cGRhdGUiOjI0MDAwMDAwMDAwMH19"
        }
      ]
    },
    {
      "mode": "managed",
      "type": "google_compute_instance",
      "name": "c19c7c1pdp10",
      "provider": "provider[\"registry.terraform.io/hashicorp/google\"]",
      "instances": [
        {
          "schema_version": 6,
          "attributes": {
            "advanced_machine_features": [],
            "allow_stopping_for_update": null,
            "attached_disk": [
              {
                "device_name": "persistent-disk-1",
                "disk_encryption_key_raw": "",
                "disk_encryption_key_sha256": "",
                "kms_key_self_link": "",
                "mode": "READ_WRITE",
                "source": "https://www.googleapis.com/compute/v1/projects/c19c7-c1-dc-inf/zones/asia-south1-a/disks/c19c7c1pdppd-c19c7c1pdp10-01"
              },
              {
                "device_name": "persistent-disk-2",
                "disk_encryption_key_raw": "",
                "disk_encryption_key_sha256": "",
                "kms_key_self_link": "",
                "mode": "READ_WRITE",
                "source": "https://www.googleapis.com/compute/v1/projects/c19c7-c1-dc-inf/zones/asia-south1-a/disks/c19c7c1pdppd-c19c7c1pdp10-02"
              },
              {
                "device_name": "persistent-disk-3",
                "disk_encryption_key_raw": "",
                "disk_encryption_key_sha256": "",
                "kms_key_self_link": "",
                "mode": "READ_WRITE",
                "source": "https://www.googleapis.com/compute/v1/projects/c19c7-c1-dc-inf/zones/asia-south1-a/disks/c19c7c1pdppd-c19c7c1pdp10-03"
              }
            ],
            "boot_disk": [
              {
                "auto_delete": false,
                "device_name": "persistent-disk-0",
                "disk_encryption_key_raw": "",
                "disk_encryption_key_sha256": "",
                "initialize_params": [
                  {
                    "image": "https://www.googleapis.com/compute/v1/projects/windows-cloud/global/images/windows-server-2019-dc-v20220513",
                    "labels": {},
                    "size": 100,
                    "type": "pd-ssd"
                  }
                ],
                "kms_key_self_link": "",
                "mode": "READ_WRITE",
                "source": "https://www.googleapis.com/compute/v1/projects/c19c7-c1-dc-inf/zones/asia-south1-a/disks/c19c7c1pdp10"
              }
            ],
            "can_ip_forward": false,
            "confidential_instance_config": [],
            "cpu_platform": "Intel Cascade Lake",
            "current_status": "RUNNING",
            "deletion_protection": true,
            "description": "Backup-MediaAgent",
            "desired_status": null,
            "enable_display": false,
            "guest_accelerator": [],
            "hostname": "",
            "id": "projects/c19c7-c1-dc-inf/zones/asia-south1-a/instances/c19c7c1pdp10",
            "instance_id": "3179097631302206168",
            "label_fingerprint": "EWvqRHy6Ja4=",
            "labels": {
              "application": "backup-mediaagent",
              "backup": "yes",
              "costcenter": "c19c7",
              "environment": "prd",
              "optimization": "yes",
              "vmrole": "ap"
            },
            "machine_type": "n2-standard-2",
            "metadata": {},
            "metadata_fingerprint": "VD-_HFsDzcU=",
            "metadata_startup_script": "",
            "min_cpu_platform": "",
            "name": "c19c7c1pdp10",
            "network_interface": [
              {
                "access_config": [],
                "alias_ip_range": [],
                "ipv6_access_config": [],
                "ipv6_access_type": "",
                "name": "nic0",
                "network": "https://www.googleapis.com/compute/v1/projects/c19c7-c1-dc-hst/global/networks/c19c7c1pdpvc-03",
                "network_ip": "10.165.18.242",
                "nic_type": "",
                "stack_type": "IPV4_ONLY",
                "subnetwork": "https://www.googleapis.com/compute/v1/projects/c19c7-c1-dc-hst/regions/asia-south1/subnetworks/c19c7c1pdpis-sb-01",
                "subnetwork_project": "c19c7-c1-dc-hst"
              }
            ],
            "project": "c19c7-c1-dc-inf",
            "reservation_affinity": [],
            "resource_policies": [],
            "scheduling": [
              {
                "automatic_restart": false,
                "min_node_cpus": 0,
                "node_affinities": [],
                "on_host_maintenance": "MIGRATE",
                "preemptible": false
              }
            ],
            "scratch_disk": [],
            "self_link": "https://www.googleapis.com/compute/v1/projects/c19c7-c1-dc-inf/zones/asia-south1-a/instances/c19c7c1pdp10",
            "service_account": [
              {
                "email": "c19c7c1pdpci-sa-02@c19c7-c1-dc-inf.iam.gserviceaccount.com",
                "scopes": [
                  "https://www.googleapis.com/auth/compute.readonly",
                  "https://www.googleapis.com/auth/devstorage.read_only",
                  "https://www.googleapis.com/auth/userinfo.email"
                ]
              }
            ],
            "shielded_instance_config": [
              {
                "enable_integrity_monitoring": true,
                "enable_secure_boot": true,
                "enable_vtpm": true
              }
            ],
            "tags": [
              "c19c7c1pdpfr-al-02"
            ],
            "tags_fingerprint": "A7Carg-rmUQ=",
            "timeouts": null,
            "zone": "asia-south1-a"
          },
          "sensitive_attributes": [],
          "private": "eyJlMmJmYjczMC1lY2FhLTExZTYtOGY4OC0zNDM2M2JjN2M0YzAiOnsiY3JlYXRlIjoxMjAwMDAwMDAwMDAwLCJkZWxldGUiOjEyMDAwMDAwMDAwMDAsInVwZGF0ZSI6MTIwMDAwMDAwMDAwMH0sInNjaGVtYV92ZXJzaW9uIjoiNiJ9",
          "dependencies": [
            "google_compute_disk.c19c7c1pdppd-c19c7c1pdp10-01",
            "google_compute_disk.c19c7c1pdppd-c19c7c1pdp10-02",
            "google_compute_disk.c19c7c1pdppd-c19c7c1pdp10-03",
            "module.c19c7c1pdpci-sa-02.google_service_account.service_accounts"
          ]
        }
      ]
    },
    {
      "mode": "managed",
      "type": "google_compute_instance",
      "name": "c19c7c1pdp11",
      "provider": "provider[\"registry.terraform.io/hashicorp/google\"]",
      "instances": [
        {
          "schema_version": 6,
          "attributes": {
            "advanced_machine_features": [],
            "allow_stopping_for_update": null,
            "attached_disk": [
              {
                "device_name": "persistent-disk-1",
                "disk_encryption_key_raw": "",
                "disk_encryption_key_sha256": "",
                "kms_key_self_link": "",
                "mode": "READ_WRITE",
                "source": "https://www.googleapis.com/compute/v1/projects/c19c7-c1-dc-inf/zones/asia-south1-a/disks/c19c7c1pdppd-c19c7c1pdp11-01"
              },
              {
                "device_name": "persistent-disk-2",
                "disk_encryption_key_raw": "",
                "disk_encryption_key_sha256": "",
                "kms_key_self_link": "",
                "mode": "READ_WRITE",
                "source": "https://www.googleapis.com/compute/v1/projects/c19c7-c1-dc-inf/zones/asia-south1-a/disks/c19c7c1pdppd-c19c7c1pdp11-02"
              }
            ],
            "boot_disk": [
              {
                "auto_delete": false,
                "device_name": "persistent-disk-0",
                "disk_encryption_key_raw": "",
                "disk_encryption_key_sha256": "",
                "initialize_params": [
                  {
                    "image": "https://www.googleapis.com/compute/v1/projects/windows-cloud/global/images/windows-server-2019-dc-v20220513",
                    "labels": {},
                    "size": 100,
                    "type": "pd-ssd"
                  }
                ],
                "kms_key_self_link": "",
                "mode": "READ_WRITE",
                "source": "https://www.googleapis.com/compute/v1/projects/c19c7-c1-dc-inf/zones/asia-south1-a/disks/c19c7c1pdp11"
              }
            ],
            "can_ip_forward": false,
            "confidential_instance_config": [],
            "cpu_platform": "Intel Broadwell",
            "current_status": "RUNNING",
            "deletion_protection": true,
            "description": "Backup-Commserver",
            "desired_status": null,
            "enable_display": false,
            "guest_accelerator": [],
            "hostname": "",
            "id": "projects/c19c7-c1-dc-inf/zones/asia-south1-a/instances/c19c7c1pdp11",
            "instance_id": "2614649369949716327",
            "label_fingerprint": "pMybeXAn65M=",
            "labels": {
              "application": "backup-commserver",
              "backup": "yes",
              "costcenter": "c19c7",
              "environment": "prd",
              "optimization": "yes",
              "vmrole": "ap"
            },
            "machine_type": "e2-standard-4",
            "metadata": {},
            "metadata_fingerprint": "VD-_HFsDzcU=",
            "metadata_startup_script": "",
            "min_cpu_platform": "",
            "name": "c19c7c1pdp11",
            "network_interface": [
              {
                "access_config": [],
                "alias_ip_range": [],
                "ipv6_access_config": [],
                "ipv6_access_type": "",
                "name": "nic0",
                "network": "https://www.googleapis.com/compute/v1/projects/c19c7-c1-dc-hst/global/networks/c19c7c1pdpvc-03",
                "network_ip": "10.165.18.243",
                "nic_type": "",
                "stack_type": "IPV4_ONLY",
                "subnetwork": "https://www.googleapis.com/compute/v1/projects/c19c7-c1-dc-hst/regions/asia-south1/subnetworks/c19c7c1pdpis-sb-01",
                "subnetwork_project": "c19c7-c1-dc-hst"
              }
            ],
            "project": "c19c7-c1-dc-inf",
            "reservation_affinity": [],
            "resource_policies": [],
            "scheduling": [
              {
                "automatic_restart": false,
                "min_node_cpus": 0,
                "node_affinities": [],
                "on_host_maintenance": "MIGRATE",
                "preemptible": false
              }
            ],
            "scratch_disk": [],
            "self_link": "https://www.googleapis.com/compute/v1/projects/c19c7-c1-dc-inf/zones/asia-south1-a/instances/c19c7c1pdp11",
            "service_account": [
              {
                "email": "c19c7c1pdpci-sa-02@c19c7-c1-dc-inf.iam.gserviceaccount.com",
                "scopes": [
                  "https://www.googleapis.com/auth/compute.readonly",
                  "https://www.googleapis.com/auth/devstorage.read_only",
                  "https://www.googleapis.com/auth/userinfo.email"
                ]
              }
            ],
            "shielded_instance_config": [
              {
                "enable_integrity_monitoring": true,
                "enable_secure_boot": true,
                "enable_vtpm": true
              }
            ],
            "tags": [
              "c19c7c1pdpfr-al-02"
            ],
            "tags_fingerprint": "A7Carg-rmUQ=",
            "timeouts": null,
            "zone": "asia-south1-a"
          },
          "sensitive_attributes": [],
          "private": "eyJlMmJmYjczMC1lY2FhLTExZTYtOGY4OC0zNDM2M2JjN2M0YzAiOnsiY3JlYXRlIjoxMjAwMDAwMDAwMDAwLCJkZWxldGUiOjEyMDAwMDAwMDAwMDAsInVwZGF0ZSI6MTIwMDAwMDAwMDAwMH0sInNjaGVtYV92ZXJzaW9uIjoiNiJ9",
          "dependencies": [
            "google_compute_disk.c19c7c1pdppd-c19c7c1pdp11-01",
            "google_compute_disk.c19c7c1pdppd-c19c7c1pdp11-02",
            "module.c19c7c1pdpci-sa-02.google_service_account.service_accounts"
          ]
        }
      ]
    },
    {
      "mode": "managed",
      "type": "google_compute_instance",
      "name": "c19c7c1pdp12",
      "provider": "provider[\"registry.terraform.io/hashicorp/google\"]",
      "instances": [
        {
          "schema_version": 6,
          "attributes": {
            "advanced_machine_features": [],
            "allow_stopping_for_update": null,
            "attached_disk": [
              {
                "device_name": "persistent-disk-1",
                "disk_encryption_key_raw": "",
                "disk_encryption_key_sha256": "",
                "kms_key_self_link": "",
                "mode": "READ_WRITE",
                "source": "https://www.googleapis.com/compute/v1/projects/c19c7-c1-dc-inf/zones/asia-south1-a/disks/c19c7c1pdppd-c19c7c1pdp12-01"
              }
            ],
            "boot_disk": [
              {
                "auto_delete": false,
                "device_name": "persistent-disk-0",
                "disk_encryption_key_raw": "",
                "disk_encryption_key_sha256": "",
                "initialize_params": [
                  {
                    "image": "https://www.googleapis.com/compute/v1/projects/windows-cloud/global/images/windows-server-2019-dc-v20220513",
                    "labels": {},
                    "size": 100,
                    "type": "pd-ssd"
                  }
                ],
                "kms_key_self_link": "",
                "mode": "READ_WRITE",
                "source": "https://www.googleapis.com/compute/v1/projects/c19c7-c1-dc-inf/zones/asia-south1-a/disks/c19c7c1pdp12"
              }
            ],
            "can_ip_forward": false,
            "confidential_instance_config": [],
            "cpu_platform": "Intel Cascade Lake",
            "current_status": "RUNNING",
            "deletion_protection": true,
            "description": "Fortknox_VA",
            "desired_status": null,
            "enable_display": false,
            "guest_accelerator": [],
            "hostname": "",
            "id": "projects/c19c7-c1-dc-inf/zones/asia-south1-a/instances/c19c7c1pdp12",
            "instance_id": "8460552686797668199",
            "label_fingerprint": "CaLo47FXp5Q=",
            "labels": {
              "application": "fortknox_va",
              "backup": "yes",
              "costcenter": "c19c7",
              "environment": "prd",
              "optimization": "yes",
              "vmrole": "ap"
            },
            "machine_type": "n2-standard-4",
            "metadata": {},
            "metadata_fingerprint": "VD-_HFsDzcU=",
            "metadata_startup_script": "",
            "min_cpu_platform": "",
            "name": "c19c7c1pdp12",
            "network_interface": [
              {
                "access_config": [],
                "alias_ip_range": [],
                "ipv6_access_config": [],
                "ipv6_access_type": "",
                "name": "nic0",
                "network": "https://www.googleapis.com/compute/v1/projects/c19c7-c1-dc-hst/global/networks/c19c7c1pdpvc-03",
                "network_ip": "10.165.18.244",
                "nic_type": "",
                "stack_type": "IPV4_ONLY",
                "subnetwork": "https://www.googleapis.com/compute/v1/projects/c19c7-c1-dc-hst/regions/asia-south1/subnetworks/c19c7c1pdpis-sb-01",
                "subnetwork_project": "c19c7-c1-dc-hst"
              }
            ],
            "project": "c19c7-c1-dc-inf",
            "reservation_affinity": [],
            "resource_policies": [],
            "scheduling": [
              {
                "automatic_restart": false,
                "min_node_cpus": 0,
                "node_affinities": [],
                "on_host_maintenance": "MIGRATE",
                "preemptible": false
              }
            ],
            "scratch_disk": [],
            "self_link": "https://www.googleapis.com/compute/v1/projects/c19c7-c1-dc-inf/zones/asia-south1-a/instances/c19c7c1pdp12",
            "service_account": [
              {
                "email": "c19c7c1pdpci-sa-02@c19c7-c1-dc-inf.iam.gserviceaccount.com",
                "scopes": [
                  "https://www.googleapis.com/auth/compute.readonly",
                  "https://www.googleapis.com/auth/devstorage.read_only",
                  "https://www.googleapis.com/auth/userinfo.email"
                ]
              }
            ],
            "shielded_instance_config": [
              {
                "enable_integrity_monitoring": true,
                "enable_secure_boot": true,
                "enable_vtpm": true
              }
            ],
            "tags": [
              "c19c7c1pdpfr-al-02"
            ],
            "tags_fingerprint": "A7Carg-rmUQ=",
            "timeouts": null,
            "zone": "asia-south1-a"
          },
          "sensitive_attributes": [],
          "private": "eyJlMmJmYjczMC1lY2FhLTExZTYtOGY4OC0zNDM2M2JjN2M0YzAiOnsiY3JlYXRlIjoxMjAwMDAwMDAwMDAwLCJkZWxldGUiOjEyMDAwMDAwMDAwMDAsInVwZGF0ZSI6MTIwMDAwMDAwMDAwMH0sInNjaGVtYV92ZXJzaW9uIjoiNiJ9",
          "dependencies": [
            "google_compute_disk.c19c7c1pdppd-c19c7c1pdp12-01",
            "module.c19c7c1pdpci-sa-02.google_service_account.service_accounts"
          ]
        }
      ]
    },
    {
      "mode": "managed",
      "type": "google_compute_instance",
      "name": "c19c7c1pdp14",
      "provider": "provider[\"registry.terraform.io/hashicorp/google\"]",
      "instances": [
        {
          "schema_version": 6,
          "attributes": {
            "advanced_machine_features": [],
            "allow_stopping_for_update": null,
            "attached_disk": [
              {
                "device_name": "persistent-disk-1",
                "disk_encryption_key_raw": "",
                "disk_encryption_key_sha256": "",
                "kms_key_self_link": "",
                "mode": "READ_WRITE",
                "source": "https://www.googleapis.com/compute/v1/projects/c19c7-c1-dc-inf/zones/asia-south1-a/disks/c19c7c1pdppd-c19c7c1pdp14-01"
              }
            ],
            "boot_disk": [
              {
                "auto_delete": false,
                "device_name": "persistent-disk-0",
                "disk_encryption_key_raw": "",
                "disk_encryption_key_sha256": "",
                "initialize_params": [
                  {
                    "image": "https://www.googleapis.com/compute/v1/projects/windows-cloud/global/images/windows-server-2019-dc-v20220513",
                    "labels": {},
                    "size": 100,
                    "type": "pd-ssd"
                  }
                ],
                "kms_key_self_link": "",
                "mode": "READ_WRITE",
                "source": "https://www.googleapis.com/compute/v1/projects/c19c7-c1-dc-inf/zones/asia-south1-a/disks/c19c7c1pdp14"
              }
            ],
            "can_ip_forward": false,
            "confidential_instance_config": [],
            "cpu_platform": "Unknown CPU Platform",
            "current_status": "TERMINATED",
            "deletion_protection": true,
            "description": "Arcon_PAM",
            "desired_status": null,
            "enable_display": false,
            "guest_accelerator": [],
            "hostname": "",
            "id": "projects/c19c7-c1-dc-inf/zones/asia-south1-a/instances/c19c7c1pdp14",
            "instance_id": "842798489301499239",
            "label_fingerprint": "YOOcw9bzcCY=",
            "labels": {
              "application": "arcon_pam",
              "backup": "yes",
              "costcenter": "c19c7",
              "environment": "prd",
              "optimization": "yes",
              "vmrole": "ap"
            },
            "machine_type": "n2-custom-8-16384",
            "metadata": {},
            "metadata_fingerprint": "VD-_HFsDzcU=",
            "metadata_startup_script": "",
            "min_cpu_platform": "",
            "name": "c19c7c1pdp14",
            "network_interface": [
              {
                "access_config": [],
                "alias_ip_range": [],
                "ipv6_access_config": [],
                "ipv6_access_type": "",
                "name": "nic0",
                "network": "https://www.googleapis.com/compute/v1/projects/c19c7-c1-dc-hst/global/networks/c19c7c1pdpvc-03",
                "network_ip": "10.165.18.246",
                "nic_type": "",
                "stack_type": "IPV4_ONLY",
                "subnetwork": "https://www.googleapis.com/compute/v1/projects/c19c7-c1-dc-hst/regions/asia-south1/subnetworks/c19c7c1pdpis-sb-01",
                "subnetwork_project": "c19c7-c1-dc-hst"
              }
            ],
            "project": "c19c7-c1-dc-inf",
            "reservation_affinity": [],
            "resource_policies": [],
            "scheduling": [
              {
                "automatic_restart": false,
                "min_node_cpus": 0,
                "node_affinities": [],
                "on_host_maintenance": "MIGRATE",
                "preemptible": false
              }
            ],
            "scratch_disk": [],
            "self_link": "https://www.googleapis.com/compute/v1/projects/c19c7-c1-dc-inf/zones/asia-south1-a/instances/c19c7c1pdp14",
            "service_account": [
              {
                "email": "c19c7c1pdpci-sa-02@c19c7-c1-dc-inf.iam.gserviceaccount.com",
                "scopes": [
                  "https://www.googleapis.com/auth/compute.readonly",
                  "https://www.googleapis.com/auth/devstorage.read_only",
                  "https://www.googleapis.com/auth/userinfo.email"
                ]
              }
            ],
            "shielded_instance_config": [
              {
                "enable_integrity_monitoring": true,
                "enable_secure_boot": true,
                "enable_vtpm": true
              }
            ],
            "tags": [
              "c19c7c1pdpfr-al-02"
            ],
            "tags_fingerprint": "A7Carg-rmUQ=",
            "timeouts": null,
            "zone": "asia-south1-a"
          },
          "sensitive_attributes": [],
          "private": "eyJlMmJmYjczMC1lY2FhLTExZTYtOGY4OC0zNDM2M2JjN2M0YzAiOnsiY3JlYXRlIjoxMjAwMDAwMDAwMDAwLCJkZWxldGUiOjEyMDAwMDAwMDAwMDAsInVwZGF0ZSI6MTIwMDAwMDAwMDAwMH0sInNjaGVtYV92ZXJzaW9uIjoiNiJ9",
          "dependencies": [
            "google_compute_disk.c19c7c1pdppd-c19c7c1pdp14-01",
            "module.c19c7c1pdpci-sa-02.google_service_account.service_accounts"
          ]
        }
      ]
    },
    {
      "mode": "managed",
      "type": "google_compute_instance",
      "name": "c19c7c1pdp15",
      "provider": "provider[\"registry.terraform.io/hashicorp/google\"]",
      "instances": [
        {
          "schema_version": 6,
          "attributes": {
            "advanced_machine_features": [],
            "allow_stopping_for_update": null,
            "attached_disk": [],
            "boot_disk": [
              {
                "auto_delete": false,
                "device_name": "persistent-disk-0",
                "disk_encryption_key_raw": "",
                "disk_encryption_key_sha256": "",
                "initialize_params": [
                  {
                    "image": "https://www.googleapis.com/compute/v1/projects/windows-cloud/global/images/windows-server-2019-dc-v20220513",
                    "labels": {},
                    "size": 150,
                    "type": "pd-ssd"
                  }
                ],
                "kms_key_self_link": "",
                "mode": "READ_WRITE",
                "source": "https://www.googleapis.com/compute/v1/projects/c19c7-c1-dc-inf/zones/asia-south1-a/disks/c19c7c1pdp15"
              }
            ],
            "can_ip_forward": false,
            "confidential_instance_config": [],
            "cpu_platform": "Unknown CPU Platform",
            "current_status": "TERMINATED",
            "deletion_protection": true,
            "description": "ADC",
            "desired_status": null,
            "enable_display": false,
            "guest_accelerator": [],
            "hostname": "",
            "id": "projects/c19c7-c1-dc-inf/zones/asia-south1-a/instances/c19c7c1pdp15",
            "instance_id": "791057606697100910",
            "label_fingerprint": "wA9E_S2NI-E=",
            "labels": {
              "application": "adc",
              "backup": "yes",
              "costcenter": "c19c7",
              "environment": "prd",
              "optimization": "yes",
              "vmrole": "ap"
            },
            "machine_type": "n2-custom-4-8192",
            "metadata": {},
            "metadata_fingerprint": "VD-_HFsDzcU=",
            "metadata_startup_script": "",
            "min_cpu_platform": "",
            "name": "c19c7c1pdp15",
            "network_interface": [
              {
                "access_config": [],
                "alias_ip_range": [],
                "ipv6_access_config": [],
                "ipv6_access_type": "",
                "name": "nic0",
                "network": "https://www.googleapis.com/compute/v1/projects/c19c7-c1-dc-hst/global/networks/c19c7c1pdpvc-03",
                "network_ip": "10.165.18.247",
                "nic_type": "",
                "stack_type": "IPV4_ONLY",
                "subnetwork": "https://www.googleapis.com/compute/v1/projects/c19c7-c1-dc-hst/regions/asia-south1/subnetworks/c19c7c1pdpis-sb-01",
                "subnetwork_project": "c19c7-c1-dc-hst"
              }
            ],
            "project": "c19c7-c1-dc-inf",
            "reservation_affinity": [],
            "resource_policies": [],
            "scheduling": [
              {
                "automatic_restart": false,
                "min_node_cpus": 0,
                "node_affinities": [],
                "on_host_maintenance": "MIGRATE",
                "preemptible": false
              }
            ],
            "scratch_disk": [],
            "self_link": "https://www.googleapis.com/compute/v1/projects/c19c7-c1-dc-inf/zones/asia-south1-a/instances/c19c7c1pdp15",
            "service_account": [
              {
                "email": "c19c7c1pdpci-sa-02@c19c7-c1-dc-inf.iam.gserviceaccount.com",
                "scopes": [
                  "https://www.googleapis.com/auth/compute.readonly",
                  "https://www.googleapis.com/auth/devstorage.read_only",
                  "https://www.googleapis.com/auth/userinfo.email"
                ]
              }
            ],
            "shielded_instance_config": [
              {
                "enable_integrity_monitoring": true,
                "enable_secure_boot": true,
                "enable_vtpm": true
              }
            ],
            "tags": [
              "c19c7c1pdpfr-al-02"
            ],
            "tags_fingerprint": "A7Carg-rmUQ=",
            "timeouts": null,
            "zone": "asia-south1-a"
          },
          "sensitive_attributes": [],
          "private": "eyJlMmJmYjczMC1lY2FhLTExZTYtOGY4OC0zNDM2M2JjN2M0YzAiOnsiY3JlYXRlIjoxMjAwMDAwMDAwMDAwLCJkZWxldGUiOjEyMDAwMDAwMDAwMDAsInVwZGF0ZSI6MTIwMDAwMDAwMDAwMH0sInNjaGVtYV92ZXJzaW9uIjoiNiJ9",
          "dependencies": [
            "module.c19c7c1pdpci-sa-02.google_service_account.service_accounts"
          ]
        }
      ]
    },
    {
      "mode": "managed",
      "type": "google_compute_instance",
      "name": "c19c7c1pdp8",
      "provider": "provider[\"registry.terraform.io/hashicorp/google\"]",
      "instances": [
        {
          "schema_version": 6,
          "attributes": {
            "advanced_machine_features": [],
            "allow_stopping_for_update": null,
            "attached_disk": [
              {
                "device_name": "persistent-disk-1",
                "disk_encryption_key_raw": "",
                "disk_encryption_key_sha256": "",
                "kms_key_self_link": "",
                "mode": "READ_WRITE",
                "source": "https://www.googleapis.com/compute/v1/projects/c19c7-c1-dc-inf/zones/asia-south1-a/disks/c19c7c1pdppd-c19c7c1pdp8-01"
              }
            ],
            "boot_disk": [
              {
                "auto_delete": false,
                "device_name": "persistent-disk-0",
                "disk_encryption_key_raw": "",
                "disk_encryption_key_sha256": "",
                "initialize_params": [
                  {
                    "image": "https://www.googleapis.com/compute/v1/projects/windows-cloud/global/images/windows-server-2019-dc-v20220513",
                    "labels": {},
                    "size": 200,
                    "type": "pd-ssd"
                  }
                ],
                "kms_key_self_link": "",
                "mode": "READ_WRITE",
                "source": "https://www.googleapis.com/compute/v1/projects/c19c7-c1-dc-inf/zones/asia-south1-a/disks/c19c7c1pdp8"
              }
            ],
            "can_ip_forward": false,
            "confidential_instance_config": [],
            "cpu_platform": "Unknown CPU Platform",
            "current_status": "TERMINATED",
            "deletion_protection": true,
            "description": "DSM-AV Server",
            "desired_status": null,
            "enable_display": false,
            "guest_accelerator": [],
            "hostname": "",
            "id": "projects/c19c7-c1-dc-inf/zones/asia-south1-a/instances/c19c7c1pdp8",
            "instance_id": "193553365774115038",
            "label_fingerprint": "TyO7aUln_y4=",
            "labels": {
              "application": "dms-av-server",
              "backup": "yes",
              "costcenter": "c19c7",
              "environment": "prd",
              "optimization": "yes",
              "vmrole": "ap"
            },
            "machine_type": "n2-standard-4",
            "metadata": {},
            "metadata_fingerprint": "VD-_HFsDzcU=",
            "metadata_startup_script": "",
            "min_cpu_platform": "",
            "name": "c19c7c1pdp8",
            "network_interface": [
              {
                "access_config": [],
                "alias_ip_range": [],
                "ipv6_access_config": [],
                "ipv6_access_type": "",
                "name": "nic0",
                "network": "https://www.googleapis.com/compute/v1/projects/c19c7-c1-dc-hst/global/networks/c19c7c1pdpvc-03",
                "network_ip": "10.165.18.240",
                "nic_type": "",
                "stack_type": "IPV4_ONLY",
                "subnetwork": "https://www.googleapis.com/compute/v1/projects/c19c7-c1-dc-hst/regions/asia-south1/subnetworks/c19c7c1pdpis-sb-01",
                "subnetwork_project": "c19c7-c1-dc-hst"
              }
            ],
            "project": "c19c7-c1-dc-inf",
            "reservation_affinity": [],
            "resource_policies": [],
            "scheduling": [
              {
                "automatic_restart": false,
                "min_node_cpus": 0,
                "node_affinities": [],
                "on_host_maintenance": "MIGRATE",
                "preemptible": false
              }
            ],
            "scratch_disk": [],
            "self_link": "https://www.googleapis.com/compute/v1/projects/c19c7-c1-dc-inf/zones/asia-south1-a/instances/c19c7c1pdp8",
            "service_account": [
              {
                "email": "c19c7c1pdpci-sa-02@c19c7-c1-dc-inf.iam.gserviceaccount.com",
                "scopes": [
                  "https://www.googleapis.com/auth/compute.readonly",
                  "https://www.googleapis.com/auth/devstorage.read_only",
                  "https://www.googleapis.com/auth/userinfo.email"
                ]
              }
            ],
            "shielded_instance_config": [
              {
                "enable_integrity_monitoring": true,
                "enable_secure_boot": true,
                "enable_vtpm": true
              }
            ],
            "tags": [
              "c19c7c1pdpfr-al-02"
            ],
            "tags_fingerprint": "A7Carg-rmUQ=",
            "timeouts": null,
            "zone": "asia-south1-a"
          },
          "sensitive_attributes": [],
          "private": "eyJlMmJmYjczMC1lY2FhLTExZTYtOGY4OC0zNDM2M2JjN2M0YzAiOnsiY3JlYXRlIjoxMjAwMDAwMDAwMDAwLCJkZWxldGUiOjEyMDAwMDAwMDAwMDAsInVwZGF0ZSI6MTIwMDAwMDAwMDAwMH0sInNjaGVtYV92ZXJzaW9uIjoiNiJ9",
          "dependencies": [
            "google_compute_disk.c19c7c1pdppd-c19c7c1pdp8-01",
            "module.c19c7c1pdpci-sa-02.google_service_account.service_accounts"
          ]
        }
      ]
    },
    {
      "mode": "managed",
      "type": "google_compute_instance",
      "name": "c19c7c1pdp9",
      "provider": "provider[\"registry.terraform.io/hashicorp/google\"]",
      "instances": [
        {
          "schema_version": 6,
          "attributes": {
            "advanced_machine_features": [],
            "allow_stopping_for_update": null,
            "attached_disk": [],
            "boot_disk": [
              {
                "auto_delete": false,
                "device_name": "persistent-disk-0",
                "disk_encryption_key_raw": "",
                "disk_encryption_key_sha256": "",
                "initialize_params": [
                  {
                    "image": "https://www.googleapis.com/compute/v1/projects/centos-cloud/global/images/centos-7-v20220519",
                    "labels": {},
                    "size": 200,
                    "type": "pd-ssd"
                  }
                ],
                "kms_key_self_link": "",
                "mode": "READ_WRITE",
                "source": "https://www.googleapis.com/compute/v1/projects/c19c7-c1-dc-inf/zones/asia-south1-a/disks/c19c7c1pdp9"
              }
            ],
            "can_ip_forward": false,
            "confidential_instance_config": [],
            "cpu_platform": "Intel Cascade Lake",
            "current_status": "RUNNING",
            "deletion_protection": true,
            "description": "DSM-Smart Protection Server",
            "desired_status": null,
            "enable_display": false,
            "guest_accelerator": [],
            "hostname": "",
            "id": "projects/c19c7-c1-dc-inf/zones/asia-south1-a/instances/c19c7c1pdp9",
            "instance_id": "139368809987055838",
            "label_fingerprint": "kOHbHbzwA5Y=",
            "labels": {
              "application": "dsm-smart-protection-server",
              "backup": "yes",
              "costcenter": "c19c7",
              "environment": "prd",
              "optimization": "yes",
              "vmrole": "ap"
            },
            "machine_type": "n2-standard-4",
            "metadata": {},
            "metadata_fingerprint": "VD-_HFsDzcU=",
            "metadata_startup_script": "",
            "min_cpu_platform": "",
            "name": "c19c7c1pdp9",
            "network_interface": [
              {
                "access_config": [],
                "alias_ip_range": [],
                "ipv6_access_config": [],
                "ipv6_access_type": "",
                "name": "nic0",
                "network": "https://www.googleapis.com/compute/v1/projects/c19c7-c1-dc-hst/global/networks/c19c7c1pdpvc-03",
                "network_ip": "10.165.18.241",
                "nic_type": "",
                "stack_type": "IPV4_ONLY",
                "subnetwork": "https://www.googleapis.com/compute/v1/projects/c19c7-c1-dc-hst/regions/asia-south1/subnetworks/c19c7c1pdpis-sb-01",
                "subnetwork_project": "c19c7-c1-dc-hst"
              }
            ],
            "project": "c19c7-c1-dc-inf",
            "reservation_affinity": [],
            "resource_policies": [],
            "scheduling": [
              {
                "automatic_restart": false,
                "min_node_cpus": 0,
                "node_affinities": [],
                "on_host_maintenance": "MIGRATE",
                "preemptible": false
              }
            ],
            "scratch_disk": [],
            "self_link": "https://www.googleapis.com/compute/v1/projects/c19c7-c1-dc-inf/zones/asia-south1-a/instances/c19c7c1pdp9",
            "service_account": [
              {
                "email": "c19c7c1pdpci-sa-02@c19c7-c1-dc-inf.iam.gserviceaccount.com",
                "scopes": [
                  "https://www.googleapis.com/auth/compute.readonly",
                  "https://www.googleapis.com/auth/devstorage.read_only",
                  "https://www.googleapis.com/auth/userinfo.email"
                ]
              }
            ],
            "shielded_instance_config": [
              {
                "enable_integrity_monitoring": true,
                "enable_secure_boot": true,
                "enable_vtpm": true
              }
            ],
            "tags": [
              "c19c7c1pdpfr-al-02"
            ],
            "tags_fingerprint": "A7Carg-rmUQ=",
            "timeouts": null,
            "zone": "asia-south1-a"
          },
          "sensitive_attributes": [],
          "private": "eyJlMmJmYjczMC1lY2FhLTExZTYtOGY4OC0zNDM2M2JjN2M0YzAiOnsiY3JlYXRlIjoxMjAwMDAwMDAwMDAwLCJkZWxldGUiOjEyMDAwMDAwMDAwMDAsInVwZGF0ZSI6MTIwMDAwMDAwMDAwMH0sInNjaGVtYV92ZXJzaW9uIjoiNiJ9",
          "dependencies": [
            "module.c19c7c1pdpci-sa-02.google_service_account.service_accounts"
          ]
        }
      ]
    },
    {
      "mode": "managed",
      "type": "google_compute_instance",
      "name": "c19c7c1pdp99",
      "provider": "provider[\"registry.terraform.io/hashicorp/google\"]",
      "instances": [
        {
          "schema_version": 6,
          "attributes": {
            "advanced_machine_features": [],
            "allow_stopping_for_update": null,
            "attached_disk": [
              {
                "device_name": "persistent-disk-1",
                "disk_encryption_key_raw": "",
                "disk_encryption_key_sha256": "",
                "kms_key_self_link": "",
                "mode": "READ_WRITE",
                "source": "https://www.googleapis.com/compute/v1/projects/c19c7-c1-dc-inf/zones/asia-south1-a/disks/c19c7c1pdppd-c19c7c1pdp99-01"
              }
            ],
            "boot_disk": [
              {
                "auto_delete": false,
                "device_name": "persistent-disk-0",
                "disk_encryption_key_raw": "",
                "disk_encryption_key_sha256": "",
                "initialize_params": [
                  {
                    "image": "https://www.googleapis.com/compute/v1/projects/windows-cloud/global/images/windows-server-2019-dc-v20220513",
                    "labels": {},
                    "size": 150,
                    "type": "pd-standard"
                  }
                ],
                "kms_key_self_link": "",
                "mode": "READ_WRITE",
                "source": "https://www.googleapis.com/compute/v1/projects/c19c7-c1-dc-inf/zones/asia-south1-a/disks/c19c7c1pdp99"
              }
            ],
            "can_ip_forward": false,
            "confidential_instance_config": [],
            "cpu_platform": "Intel Cascade Lake",
            "current_status": "RUNNING",
            "deletion_protection": true,
            "description": "JumpBox",
            "desired_status": null,
            "enable_display": false,
            "guest_accelerator": [],
            "hostname": "",
            "id": "projects/c19c7-c1-dc-inf/zones/asia-south1-a/instances/c19c7c1pdp99",
            "instance_id": "2048362978558615971",
            "label_fingerprint": "PcHB7xpQCS0=",
            "labels": {
              "application": "jumpbox",
              "backup": "yes",
              "costcenter": "c19c7",
              "environment": "prd",
              "optimization": "no",
              "vmrole": "ap"
            },
            "machine_type": "n2-standard-2",
            "metadata": {},
            "metadata_fingerprint": "VD-_HFsDzcU=",
            "metadata_startup_script": "",
            "min_cpu_platform": "",
            "name": "c19c7c1pdp99",
            "network_interface": [
              {
                "access_config": [
                  {
                    "nat_ip": "34.93.29.109",
                    "network_tier": "PREMIUM",
                    "public_ptr_domain_name": ""
                  }
                ],
                "alias_ip_range": [],
                "ipv6_access_config": [],
                "ipv6_access_type": "",
                "name": "nic0",
                "network": "https://www.googleapis.com/compute/v1/projects/c19c7-c1-dc-hst/global/networks/c19c7c1pdpvc-03",
                "network_ip": "10.165.18.250",
                "nic_type": "",
                "stack_type": "IPV4_ONLY",
                "subnetwork": "https://www.googleapis.com/compute/v1/projects/c19c7-c1-dc-hst/regions/asia-south1/subnetworks/c19c7c1pdpis-sb-01",
                "subnetwork_project": "c19c7-c1-dc-hst"
              }
            ],
            "project": "c19c7-c1-dc-inf",
            "reservation_affinity": [],
            "resource_policies": [],
            "scheduling": [
              {
                "automatic_restart": false,
                "min_node_cpus": 0,
                "node_affinities": [],
                "on_host_maintenance": "MIGRATE",
                "preemptible": false
              }
            ],
            "scratch_disk": [],
            "self_link": "https://www.googleapis.com/compute/v1/projects/c19c7-c1-dc-inf/zones/asia-south1-a/instances/c19c7c1pdp99",
            "service_account": [
              {
                "email": "c19c7c1pdpci-sa-02@c19c7-c1-dc-inf.iam.gserviceaccount.com",
                "scopes": [
                  "https://www.googleapis.com/auth/compute.readonly",
                  "https://www.googleapis.com/auth/devstorage.read_only",
                  "https://www.googleapis.com/auth/userinfo.email"
                ]
              }
            ],
            "shielded_instance_config": [
              {
                "enable_integrity_monitoring": true,
                "enable_secure_boot": true,
                "enable_vtpm": true
              }
            ],
            "tags": [
              "c19c7c1pdpfr-rd-01"
            ],
            "tags_fingerprint": "JuwJRuH-jDc=",
            "timeouts": null,
            "zone": "asia-south1-a"
          },
          "sensitive_attributes": [],
          "private": "eyJlMmJmYjczMC1lY2FhLTExZTYtOGY4OC0zNDM2M2JjN2M0YzAiOnsiY3JlYXRlIjoxMjAwMDAwMDAwMDAwLCJkZWxldGUiOjEyMDAwMDAwMDAwMDAsInVwZGF0ZSI6MTIwMDAwMDAwMDAwMH0sInNjaGVtYV92ZXJzaW9uIjoiNiJ9",
          "dependencies": [
            "google_compute_address.c19c7c1pdpip-c19c7c1pdp99-ex",
            "google_compute_disk.c19c7c1pdppd-c19c7c1pdp99-01",
            "module.c19c7c1pdpci-sa-02.google_service_account.service_accounts"
          ]
        }
      ]
    },
    {
      "module": "module.c19c7c1pdpci-sa-02",
      "mode": "data",
      "type": "template_file",
      "name": "keys",
      "provider": "provider[\"registry.terraform.io/hashicorp/template\"]",
      "instances": [
        {
          "index_key": "c19c7c1pdpci-sa-02",
          "schema_version": 0,
          "attributes": {
            "filename": null,
            "id": "e3b0c44298fc1c149afbf4c8996fb92427ae41e4649b934ca495991b7852b855",
            "rendered": "",
            "template": "${key}",
            "vars": {
              "key": ""
            }
          },
          "sensitive_attributes": []
        }
      ]
    },
    {
      "module": "module.c19c7c1pdpci-sa-02",
      "mode": "managed",
      "type": "google_project_iam_member",
      "name": "project-roles",
      "provider": "provider[\"registry.terraform.io/hashicorp/google\"]",
      "instances": [
        {
          "index_key": "c19c7c1pdpci-sa-02-c19c7-c1-dc-inf=\u003eroles/editor",
          "schema_version": 0,
          "attributes": {
            "condition": [],
            "etag": "BwXg7TdXrjA=",
            "id": "c19c7-c1-dc-inf/roles/editor/serviceAccount:c19c7c1pdpci-sa-02@c19c7-c1-dc-inf.iam.gserviceaccount.com",
            "member": "serviceAccount:c19c7c1pdpci-sa-02@c19c7-c1-dc-inf.iam.gserviceaccount.com",
            "project": "c19c7-c1-dc-inf",
            "role": "roles/editor"
          },
          "sensitive_attributes": [],
          "private": "bnVsbA==",
          "dependencies": [
            "module.c19c7c1pdpci-sa-02.google_service_account.service_accounts"
          ]
        }
      ]
    },
    {
      "module": "module.c19c7c1pdpci-sa-02",
      "mode": "managed",
      "type": "google_service_account",
      "name": "service_accounts",
      "provider": "provider[\"registry.terraform.io/hashicorp/google\"]",
      "instances": [
        {
          "index_key": "c19c7c1pdpci-sa-02",
          "schema_version": 0,
          "attributes": {
            "account_id": "c19c7c1pdpci-sa-02",
            "description": "Service Account For Compute Instances in INF Project - PD Region",
            "disabled": false,
            "display_name": "c19c7c1pdpci-sa-02",
            "email": "c19c7c1pdpci-sa-02@c19c7-c1-dc-inf.iam.gserviceaccount.com",
            "id": "projects/c19c7-c1-dc-inf/serviceAccounts/c19c7c1pdpci-sa-02@c19c7-c1-dc-inf.iam.gserviceaccount.com",
            "name": "projects/c19c7-c1-dc-inf/serviceAccounts/c19c7c1pdpci-sa-02@c19c7-c1-dc-inf.iam.gserviceaccount.com",
            "project": "c19c7-c1-dc-inf",
            "timeouts": null,
            "unique_id": "109010988085822089758"
          },
          "sensitive_attributes": [],
          "private": "eyJlMmJmYjczMC1lY2FhLTExZTYtOGY4OC0zNDM2M2JjN2M0YzAiOnsiY3JlYXRlIjozMDAwMDAwMDAwMDB9fQ=="
        }
      ]
    }
  ]
}
